
Microsoft Visual Studio Solution File, Format Version 12.00
# Visual Studio Version 17
VisualStudioVersion = 17.8.34408.163
MinimumVisualStudioVersion = 10.0.40219.1
Project("{8BC9CEB8-8B4A-11D0-8D11-00A0C91BC942}") = "bafunctions", "Samples\bafunctions\bafunctions.vcxproj", "{EB0A7D51-2133-4EE7-B6CA-87DBEAC67E02}"
EndProject
Project("{8BC9CEB8-8B4A-11D0-8D11-00A0C91BC942}") = "wixstdba", "wixstdba\wixstdba.vcxproj", "{41085A22-E6AA-4E8B-AB1B-DDEE0DC89DFA}"
EndProject
Project("{930C7802-8A8C-48F9-8165-68863BCCD9DD}") = "bas", "wixlib\bas.wixproj", "{3444D952-F21C-496F-AB6B-56435BFD0787}"
EndProject
Project("{9A19103F-16F7-4668-BE54-9A1E7A4F7556}") = "WixToolset.BootstrapperApplications.wixext", "wixext\WixToolset.BootstrapperApplications.wixext.csproj", "{BF720A63-9D7B-456E-B60C-8122852D9FED}"
EndProject
Project("{9A19103F-16F7-4668-BE54-9A1E7A4F7556}") = "WixToolsetTest.BootstrapperApplications", "test\WixToolsetTest.BootstrapperApplications\WixToolsetTest.BootstrapperApplications.csproj", "{89D479FC-20DA-44D8-AE38-48F063223498}"
EndProject
Project("{8BC9CEB8-8B4A-11D0-8D11-00A0C91BC942}") = "wixiuiba", "wixiuiba\wixiuiba.vcxproj", "{0F73E566-925C-448D-99CB-3A7F5DF399C8}"
EndProject
Project("{8BC9CEB8-8B4A-11D0-8D11-00A0C91BC942}") = "stdbas", "stdbas\stdbas.vcxproj", "{DBBF5F32-BAEA-46A8-99A0-17277A906456}"
EndProject
Project("{8BC9CEB8-8B4A-11D0-8D11-00A0C91BC942}") = "WixStdFnUnitTest", "test\WixStdFnUnitTest\WixStdFnUnitTest.vcxproj", "{9B507AF9-035E-4DB6-8C0C-5DCC3FEF2631}"
EndProject
Global
	GlobalSection(SolutionConfigurationPlatforms) = preSolution
		Debug|Any CPU = Debug|Any CPU
		Debug|ARM64 = Debug|ARM64
		Debug|x64 = Debug|x64
		Debug|x86 = Debug|x86
		Release|Any CPU = Release|Any CPU
		Release|ARM64 = Release|ARM64
		Release|x64 = Release|x64
		Release|x86 = Release|x86
	EndGlobalSection
	GlobalSection(ProjectConfigurationPlatforms) = postSolution
		{EB0A7D51-2133-4EE7-B6CA-87DBEAC67E02}.Debug|Any CPU.ActiveCfg = Debug|Win32
		{EB0A7D51-2133-4EE7-B6CA-87DBEAC67E02}.Debug|Any CPU.Build.0 = Debug|Win32
		{EB0A7D51-2133-4EE7-B6CA-87DBEAC67E02}.Debug|ARM64.ActiveCfg = Debug|ARM64
		{EB0A7D51-2133-4EE7-B6CA-87DBEAC67E02}.Debug|ARM64.Build.0 = Debug|ARM64
		{EB0A7D51-2133-4EE7-B6CA-87DBEAC67E02}.Debug|x64.ActiveCfg = Debug|x64
		{EB0A7D51-2133-4EE7-B6CA-87DBEAC67E02}.Debug|x64.Build.0 = Debug|x64
		{EB0A7D51-2133-4EE7-B6CA-87DBEAC67E02}.Debug|x86.ActiveCfg = Debug|Win32
		{EB0A7D51-2133-4EE7-B6CA-87DBEAC67E02}.Debug|x86.Build.0 = Debug|Win32
		{EB0A7D51-2133-4EE7-B6CA-87DBEAC67E02}.Release|Any CPU.ActiveCfg = Release|Win32
		{EB0A7D51-2133-4EE7-B6CA-87DBEAC67E02}.Release|Any CPU.Build.0 = Release|Win32
		{EB0A7D51-2133-4EE7-B6CA-87DBEAC67E02}.Release|ARM64.ActiveCfg = Release|ARM64
		{EB0A7D51-2133-4EE7-B6CA-87DBEAC67E02}.Release|ARM64.Build.0 = Release|ARM64
		{EB0A7D51-2133-4EE7-B6CA-87DBEAC67E02}.Release|x64.ActiveCfg = Release|x64
		{EB0A7D51-2133-4EE7-B6CA-87DBEAC67E02}.Release|x64.Build.0 = Release|x64
		{EB0A7D51-2133-4EE7-B6CA-87DBEAC67E02}.Release|x86.ActiveCfg = Release|Win32
		{EB0A7D51-2133-4EE7-B6CA-87DBEAC67E02}.Release|x86.Build.0 = Release|Win32
		{41085A22-E6AA-4E8B-AB1B-DDEE0DC89DFA}.Debug|Any CPU.ActiveCfg = Debug|Win32
		{41085A22-E6AA-4E8B-AB1B-DDEE0DC89DFA}.Debug|Any CPU.Build.0 = Debug|Win32
		{41085A22-E6AA-4E8B-AB1B-DDEE0DC89DFA}.Debug|ARM64.ActiveCfg = Debug|ARM64
		{41085A22-E6AA-4E8B-AB1B-DDEE0DC89DFA}.Debug|ARM64.Build.0 = Debug|ARM64
		{41085A22-E6AA-4E8B-AB1B-DDEE0DC89DFA}.Debug|x64.ActiveCfg = Debug|x64
		{41085A22-E6AA-4E8B-AB1B-DDEE0DC89DFA}.Debug|x64.Build.0 = Debug|x64
		{41085A22-E6AA-4E8B-AB1B-DDEE0DC89DFA}.Debug|x86.ActiveCfg = Debug|Win32
		{41085A22-E6AA-4E8B-AB1B-DDEE0DC89DFA}.Debug|x86.Build.0 = Debug|Win32
		{41085A22-E6AA-4E8B-AB1B-DDEE0DC89DFA}.Release|Any CPU.ActiveCfg = Release|Win32
		{41085A22-E6AA-4E8B-AB1B-DDEE0DC89DFA}.Release|Any CPU.Build.0 = Release|Win32
		{41085A22-E6AA-4E8B-AB1B-DDEE0DC89DFA}.Release|ARM64.ActiveCfg = Release|ARM64
		{41085A22-E6AA-4E8B-AB1B-DDEE0DC89DFA}.Release|ARM64.Build.0 = Release|ARM64
		{41085A22-E6AA-4E8B-AB1B-DDEE0DC89DFA}.Release|x64.ActiveCfg = Release|x64
		{41085A22-E6AA-4E8B-AB1B-DDEE0DC89DFA}.Release|x64.Build.0 = Release|x64
		{41085A22-E6AA-4E8B-AB1B-DDEE0DC89DFA}.Release|x86.ActiveCfg = Release|Win32
		{41085A22-E6AA-4E8B-AB1B-DDEE0DC89DFA}.Release|x86.Build.0 = Release|Win32
		{3444D952-F21C-496F-AB6B-56435BFD0787}.Debug|Any CPU.ActiveCfg = Debug|x86
		{3444D952-F21C-496F-AB6B-56435BFD0787}.Debug|Any CPU.Build.0 = Debug|x86
		{3444D952-F21C-496F-AB6B-56435BFD0787}.Debug|ARM64.ActiveCfg = Debug|x86
		{3444D952-F21C-496F-AB6B-56435BFD0787}.Debug|x64.ActiveCfg = Debug|x86
		{3444D952-F21C-496F-AB6B-56435BFD0787}.Debug|x86.ActiveCfg = Debug|x86
		{3444D952-F21C-496F-AB6B-56435BFD0787}.Debug|x86.Build.0 = Debug|x86
		{3444D952-F21C-496F-AB6B-56435BFD0787}.Release|Any CPU.ActiveCfg = Release|x86
		{3444D952-F21C-496F-AB6B-56435BFD0787}.Release|Any CPU.Build.0 = Release|x86
		{3444D952-F21C-496F-AB6B-56435BFD0787}.Release|ARM64.ActiveCfg = Release|x86
		{3444D952-F21C-496F-AB6B-56435BFD0787}.Release|x64.ActiveCfg = Release|x86
		{3444D952-F21C-496F-AB6B-56435BFD0787}.Release|x86.ActiveCfg = Release|x86
		{3444D952-F21C-496F-AB6B-56435BFD0787}.Release|x86.Build.0 = Release|x86
		{BF720A63-9D7B-456E-B60C-8122852D9FED}.Debug|Any CPU.ActiveCfg = Debug|Any CPU
		{BF720A63-9D7B-456E-B60C-8122852D9FED}.Debug|Any CPU.Build.0 = Debug|Any CPU
		{BF720A63-9D7B-456E-B60C-8122852D9FED}.Debug|ARM64.ActiveCfg = Debug|Any CPU
		{BF720A63-9D7B-456E-B60C-8122852D9FED}.Debug|ARM64.Build.0 = Debug|Any CPU
		{BF720A63-9D7B-456E-B60C-8122852D9FED}.Debug|x64.ActiveCfg = Debug|Any CPU
		{BF720A63-9D7B-456E-B60C-8122852D9FED}.Debug|x64.Build.0 = Debug|Any CPU
		{BF720A63-9D7B-456E-B60C-8122852D9FED}.Debug|x86.ActiveCfg = Debug|Any CPU
		{BF720A63-9D7B-456E-B60C-8122852D9FED}.Debug|x86.Build.0 = Debug|Any CPU
		{BF720A63-9D7B-456E-B60C-8122852D9FED}.Release|Any CPU.ActiveCfg = Release|Any CPU
		{BF720A63-9D7B-456E-B60C-8122852D9FED}.Release|Any CPU.Build.0 = Release|Any CPU
		{BF720A63-9D7B-456E-B60C-8122852D9FED}.Release|ARM64.ActiveCfg = Release|Any CPU
		{BF720A63-9D7B-456E-B60C-8122852D9FED}.Release|ARM64.Build.0 = Release|Any CPU
		{BF720A63-9D7B-456E-B60C-8122852D9FED}.Release|x64.ActiveCfg = Release|Any CPU
		{BF720A63-9D7B-456E-B60C-8122852D9FED}.Release|x64.Build.0 = Release|Any CPU
		{BF720A63-9D7B-456E-B60C-8122852D9FED}.Release|x86.ActiveCfg = Release|Any CPU
		{BF720A63-9D7B-456E-B60C-8122852D9FED}.Release|x86.Build.0 = Release|Any CPU
		{89D479FC-20DA-44D8-AE38-48F063223498}.Debug|Any CPU.ActiveCfg = Debug|Any CPU
		{89D479FC-20DA-44D8-AE38-48F063223498}.Debug|Any CPU.Build.0 = Debug|Any CPU
		{89D479FC-20DA-44D8-AE38-48F063223498}.Debug|ARM64.ActiveCfg = Debug|Any CPU
		{89D479FC-20DA-44D8-AE38-48F063223498}.Debug|ARM64.Build.0 = Debug|Any CPU
		{89D479FC-20DA-44D8-AE38-48F063223498}.Debug|x64.ActiveCfg = Debug|Any CPU
		{89D479FC-20DA-44D8-AE38-48F063223498}.Debug|x64.Build.0 = Debug|Any CPU
		{89D479FC-20DA-44D8-AE38-48F063223498}.Debug|x86.ActiveCfg = Debug|Any CPU
		{89D479FC-20DA-44D8-AE38-48F063223498}.Debug|x86.Build.0 = Debug|Any CPU
		{89D479FC-20DA-44D8-AE38-48F063223498}.Release|Any CPU.ActiveCfg = Release|Any CPU
		{89D479FC-20DA-44D8-AE38-48F063223498}.Release|Any CPU.Build.0 = Release|Any CPU
		{89D479FC-20DA-44D8-AE38-48F063223498}.Release|ARM64.ActiveCfg = Release|Any CPU
		{89D479FC-20DA-44D8-AE38-48F063223498}.Release|ARM64.Build.0 = Release|Any CPU
		{89D479FC-20DA-44D8-AE38-48F063223498}.Release|x64.ActiveCfg = Release|Any CPU
		{89D479FC-20DA-44D8-AE38-48F063223498}.Release|x64.Build.0 = Release|Any CPU
		{89D479FC-20DA-44D8-AE38-48F063223498}.Release|x86.ActiveCfg = Release|Any CPU
		{89D479FC-20DA-44D8-AE38-48F063223498}.Release|x86.Build.0 = Release|Any CPU
		{0F73E566-925C-448D-99CB-3A7F5DF399C8}.Debug|Any CPU.ActiveCfg = Debug|x64
		{0F73E566-925C-448D-99CB-3A7F5DF399C8}.Debug|Any CPU.Build.0 = Debug|x64
		{0F73E566-925C-448D-99CB-3A7F5DF399C8}.Debug|ARM64.ActiveCfg = Debug|ARM64
		{0F73E566-925C-448D-99CB-3A7F5DF399C8}.Debug|ARM64.Build.0 = Debug|ARM64
		{0F73E566-925C-448D-99CB-3A7F5DF399C8}.Debug|x64.ActiveCfg = Debug|x64
		{0F73E566-925C-448D-99CB-3A7F5DF399C8}.Debug|x64.Build.0 = Debug|x64
		{0F73E566-925C-448D-99CB-3A7F5DF399C8}.Debug|x86.ActiveCfg = Debug|Win32
		{0F73E566-925C-448D-99CB-3A7F5DF399C8}.Debug|x86.Build.0 = Debug|Win32
		{0F73E566-925C-448D-99CB-3A7F5DF399C8}.Release|Any CPU.ActiveCfg = Release|x64
		{0F73E566-925C-448D-99CB-3A7F5DF399C8}.Release|Any CPU.Build.0 = Release|x64
		{0F73E566-925C-448D-99CB-3A7F5DF399C8}.Release|ARM64.ActiveCfg = Release|ARM64
		{0F73E566-925C-448D-99CB-3A7F5DF399C8}.Release|ARM64.Build.0 = Release|ARM64
		{0F73E566-925C-448D-99CB-3A7F5DF399C8}.Release|x64.ActiveCfg = Release|x64
		{0F73E566-925C-448D-99CB-3A7F5DF399C8}.Release|x64.Build.0 = Release|x64
		{0F73E566-925C-448D-99CB-3A7F5DF399C8}.Release|x86.ActiveCfg = Release|Win32
		{0F73E566-925C-448D-99CB-3A7F5DF399C8}.Release|x86.Build.0 = Release|Win32
		{DBBF5F32-BAEA-46A8-99A0-17277A906456}.Debug|Any CPU.ActiveCfg = Debug|x64
		{DBBF5F32-BAEA-46A8-99A0-17277A906456}.Debug|Any CPU.Build.0 = Debug|x64
		{DBBF5F32-BAEA-46A8-99A0-17277A906456}.Debug|ARM64.ActiveCfg = Debug|ARM64
		{DBBF5F32-BAEA-46A8-99A0-17277A906456}.Debug|ARM64.Build.0 = Debug|ARM64
		{DBBF5F32-BAEA-46A8-99A0-17277A906456}.Debug|x64.ActiveCfg = Debug|x64
		{DBBF5F32-BAEA-46A8-99A0-17277A906456}.Debug|x64.Build.0 = Debug|x64
		{DBBF5F32-BAEA-46A8-99A0-17277A906456}.Debug|x86.ActiveCfg = Debug|Win32
		{DBBF5F32-BAEA-46A8-99A0-17277A906456}.Debug|x86.Build.0 = Debug|Win32
		{DBBF5F32-BAEA-46A8-99A0-17277A906456}.Release|Any CPU.ActiveCfg = Release|x64
		{DBBF5F32-BAEA-46A8-99A0-17277A906456}.Release|Any CPU.Build.0 = Release|x64
		{DBBF5F32-BAEA-46A8-99A0-17277A906456}.Release|ARM64.ActiveCfg = Release|ARM64
		{DBBF5F32-BAEA-46A8-99A0-17277A906456}.Release|ARM64.Build.0 = Release|ARM64
		{DBBF5F32-BAEA-46A8-99A0-17277A906456}.Release|x64.ActiveCfg = Release|x64
		{DBBF5F32-BAEA-46A8-99A0-17277A906456}.Release|x64.Build.0 = Release|x64
		{DBBF5F32-BAEA-46A8-99A0-17277A906456}.Release|x86.ActiveCfg = Release|Win32
		{DBBF5F32-BAEA-46A8-99A0-17277A906456}.Release|x86.Build.0 = Release|Win32
		{9B507AF9-035E-4DB6-8C0C-5DCC3FEF2631}.Debug|Any CPU.ActiveCfg = Debug|Win32
		{9B507AF9-035E-4DB6-8C0C-5DCC3FEF2631}.Debug|Any CPU.Build.0 = Debug|Win32
		{9B507AF9-035E-4DB6-8C0C-5DCC3FEF2631}.Debug|ARM64.ActiveCfg = Debug|Win32
		{9B507AF9-035E-4DB6-8C0C-5DCC3FEF2631}.Debug|ARM64.Build.0 = Debug|Win32
		{9B507AF9-035E-4DB6-8C0C-5DCC3FEF2631}.Debug|x64.ActiveCfg = Debug|Win32
		{9B507AF9-035E-4DB6-8C0C-5DCC3FEF2631}.Debug|x64.Build.0 = Debug|Win32
		{9B507AF9-035E-4DB6-8C0C-5DCC3FEF2631}.Debug|x86.ActiveCfg = Debug|Win32
		{9B507AF9-035E-4DB6-8C0C-5DCC3FEF2631}.Debug|x86.Build.0 = Debug|Win32
		{9B507AF9-035E-4DB6-8C0C-5DCC3FEF2631}.Release|Any CPU.ActiveCfg = Release|Win32
		{9B507AF9-035E-4DB6-8C0C-5DCC3FEF2631}.Release|Any CPU.Build.0 = Release|Win32
		{9B507AF9-035E-4DB6-8C0C-5DCC3FEF2631}.Release|ARM64.ActiveCfg = Release|Win32
		{9B507AF9-035E-4DB6-8C0C-5DCC3FEF2631}.Release|ARM64.Build.0 = Release|Win32
		{9B507AF9-035E-4DB6-8C0C-5DCC3FEF2631}.Release|x64.ActiveCfg = Release|Win32
		{9B507AF9-035E-4DB6-8C0C-5DCC3FEF2631}.Release|x64.Build.0 = Release|Win32
		{9B507AF9-035E-4DB6-8C0C-5DCC3FEF2631}.Release|x86.ActiveCfg = Release|Win32
		{9B507AF9-035E-4DB6-8C0C-5DCC3FEF2631}.Release|x86.Build.0 = Release|Win32
	EndGlobalSection
	GlobalSection(SolutionProperties) = preSolution
		HideSolutionNode = FALSE
	EndGlobalSection
	GlobalSection(ExtensibilityGlobals) = postSolution
		SolutionGuid = {74046961-48BF-467A-A6C2-F886C75CE0BE}
	EndGlobalSection
EndGlobal
