
Microsoft Visual Studio Solution File, Format Version 12.00
# Visual Studio 15
VisualStudioVersion = 15.0.28010.2016
MinimumVisualStudioVersion = 10.0.40219.1
Project("{8BC9CEB8-8B4A-11D0-8D11-00A0C91BC942}") = "bafunctions", "src\Samples\bafunctions\bafunctions.vcxproj", "{EB0A7D51-2133-4EE7-B6CA-87DBEAC67E02}"
EndProject
Project("{8BC9CEB8-8B4A-11D0-8D11-00A0C91BC942}") = "mbahost", "src\mbahost\mbahost.vcxproj", "{12C87C77-3547-44F8-8134-29BC915CB19D}"
EndProject
Project("{8BC9CEB8-8B4A-11D0-8D11-00A0C91BC942}") = "wixstdba", "src\wixstdba\wixstdba.vcxproj", "{41085A22-E6AA-4E8B-AB1B-DDEE0DC89DFA}"
EndProject
Project("{930C7802-8A8C-48F9-8165-68863BCCD9DD}") = "bal", "src\wixlib\bal.wixproj", "{3444D952-F21C-496F-AB6B-56435BFD0787}"
EndProject
Project("{9A19103F-16F7-4668-BE54-9A1E7A4F7556}") = "WixToolset.Bal.wixext", "src\wixext\WixToolset.Bal.wixext.csproj", "{BF720A63-9D7B-456E-B60C-8122852D9FED}"
EndProject
Project("{8BC9CEB8-8B4A-11D0-8D11-00A0C91BC942}") = "WixToolsetTest.MbaHost", "src\test\WixToolsetTest.MbaHost\WixToolsetTest.MbaHost.vcxproj", "{8C131CB9-7B1C-4B06-A328-E69CE9EDC763}"
EndProject
Global
	GlobalSection(SolutionConfigurationPlatforms) = preSolution
		Debug|Any CPU = Debug|Any CPU
		Debug|x86 = Debug|x86
		Release|Any CPU = Release|Any CPU
		Release|x86 = Release|x86
	EndGlobalSection
	GlobalSection(ProjectConfigurationPlatforms) = postSolution
		{EB0A7D51-2133-4EE7-B6CA-87DBEAC67E02}.Debug|Any CPU.ActiveCfg = Debug|Win32
		{EB0A7D51-2133-4EE7-B6CA-87DBEAC67E02}.Debug|Any CPU.Build.0 = Debug|Win32
		{EB0A7D51-2133-4EE7-B6CA-87DBEAC67E02}.Debug|x86.ActiveCfg = Debug|Win32
		{EB0A7D51-2133-4EE7-B6CA-87DBEAC67E02}.Debug|x86.Build.0 = Debug|Win32
		{EB0A7D51-2133-4EE7-B6CA-87DBEAC67E02}.Release|Any CPU.ActiveCfg = Release|Win32
		{EB0A7D51-2133-4EE7-B6CA-87DBEAC67E02}.Release|Any CPU.Build.0 = Release|Win32
		{EB0A7D51-2133-4EE7-B6CA-87DBEAC67E02}.Release|x86.ActiveCfg = Release|Win32
		{EB0A7D51-2133-4EE7-B6CA-87DBEAC67E02}.Release|x86.Build.0 = Release|Win32
		{12C87C77-3547-44F8-8134-29BC915CB19D}.Debug|Any CPU.ActiveCfg = Debug|Win32
		{12C87C77-3547-44F8-8134-29BC915CB19D}.Debug|Any CPU.Build.0 = Debug|Win32
		{12C87C77-3547-44F8-8134-29BC915CB19D}.Debug|x86.ActiveCfg = Debug|Win32
		{12C87C77-3547-44F8-8134-29BC915CB19D}.Debug|x86.Build.0 = Debug|Win32
		{12C87C77-3547-44F8-8134-29BC915CB19D}.Release|Any CPU.ActiveCfg = Release|Win32
		{12C87C77-3547-44F8-8134-29BC915CB19D}.Release|Any CPU.Build.0 = Release|Win32
		{12C87C77-3547-44F8-8134-29BC915CB19D}.Release|x86.ActiveCfg = Release|Win32
		{12C87C77-3547-44F8-8134-29BC915CB19D}.Release|x86.Build.0 = Release|Win32
		{41085A22-E6AA-4E8B-AB1B-DDEE0DC89DFA}.Debug|Any CPU.ActiveCfg = Debug|Win32
		{41085A22-E6AA-4E8B-AB1B-DDEE0DC89DFA}.Debug|Any CPU.Build.0 = Debug|Win32
		{41085A22-E6AA-4E8B-AB1B-DDEE0DC89DFA}.Debug|x86.ActiveCfg = Debug|Win32
		{41085A22-E6AA-4E8B-AB1B-DDEE0DC89DFA}.Debug|x86.Build.0 = Debug|Win32
		{41085A22-E6AA-4E8B-AB1B-DDEE0DC89DFA}.Release|Any CPU.ActiveCfg = Release|Win32
		{41085A22-E6AA-4E8B-AB1B-DDEE0DC89DFA}.Release|Any CPU.Build.0 = Release|Win32
		{41085A22-E6AA-4E8B-AB1B-DDEE0DC89DFA}.Release|x86.ActiveCfg = Release|Win32
		{41085A22-E6AA-4E8B-AB1B-DDEE0DC89DFA}.Release|x86.Build.0 = Release|Win32
		{3444D952-F21C-496F-AB6B-56435BFD0787}.Debug|Any CPU.ActiveCfg = Debug|x86
		{3444D952-F21C-496F-AB6B-56435BFD0787}.Debug|Any CPU.Build.0 = Debug|x86
		{3444D952-F21C-496F-AB6B-56435BFD0787}.Debug|x86.ActiveCfg = Debug|x86
		{3444D952-F21C-496F-AB6B-56435BFD0787}.Debug|x86.Build.0 = Debug|x86
		{3444D952-F21C-496F-AB6B-56435BFD0787}.Release|Any CPU.ActiveCfg = Release|x86
		{3444D952-F21C-496F-AB6B-56435BFD0787}.Release|Any CPU.Build.0 = Release|x86
		{3444D952-F21C-496F-AB6B-56435BFD0787}.Release|x86.ActiveCfg = Release|x86
		{3444D952-F21C-496F-AB6B-56435BFD0787}.Release|x86.Build.0 = Release|x86
		{BF720A63-9D7B-456E-B60C-8122852D9FED}.Debug|Any CPU.ActiveCfg = Debug|Any CPU
		{BF720A63-9D7B-456E-B60C-8122852D9FED}.Debug|Any CPU.Build.0 = Debug|Any CPU
		{BF720A63-9D7B-456E-B60C-8122852D9FED}.Debug|x86.ActiveCfg = Debug|Any CPU
		{BF720A63-9D7B-456E-B60C-8122852D9FED}.Debug|x86.Build.0 = Debug|Any CPU
		{BF720A63-9D7B-456E-B60C-8122852D9FED}.Release|Any CPU.ActiveCfg = Release|Any CPU
		{BF720A63-9D7B-456E-B60C-8122852D9FED}.Release|Any CPU.Build.0 = Release|Any CPU
		{BF720A63-9D7B-456E-B60C-8122852D9FED}.Release|x86.ActiveCfg = Release|Any CPU
		{BF720A63-9D7B-456E-B60C-8122852D9FED}.Release|x86.Build.0 = Release|Any CPU
		{8C131CB9-7B1C-4B06-A328-E69CE9EDC763}.Debug|Any CPU.ActiveCfg = Debug|Win32
		{8C131CB9-7B1C-4B06-A328-E69CE9EDC763}.Debug|Any CPU.Build.0 = Debug|Win32
		{8C131CB9-7B1C-4B06-A328-E69CE9EDC763}.Debug|x86.ActiveCfg = Debug|Win32
		{8C131CB9-7B1C-4B06-A328-E69CE9EDC763}.Debug|x86.Build.0 = Debug|Win32
		{8C131CB9-7B1C-4B06-A328-E69CE9EDC763}.Release|Any CPU.ActiveCfg = Release|Win32
		{8C131CB9-7B1C-4B06-A328-E69CE9EDC763}.Release|Any CPU.Build.0 = Release|Win32
		{8C131CB9-7B1C-4B06-A328-E69CE9EDC763}.Release|x86.ActiveCfg = Release|Win32
		{8C131CB9-7B1C-4B06-A328-E69CE9EDC763}.Release|x86.Build.0 = Release|Win32
	EndGlobalSection
	GlobalSection(SolutionProperties) = preSolution
		HideSolutionNode = FALSE
	EndGlobalSection
	GlobalSection(ExtensibilityGlobals) = postSolution
		SolutionGuid = {74046961-48BF-467A-A6C2-F886C75CE0BE}
	EndGlobalSection
EndGlobal
