
Microsoft Visual Studio Solution File, Format Version 12.00
# Visual Studio 15
VisualStudioVersion = 15.0.28010.2016
MinimumVisualStudioVersion = 10.0.40219.1
Project("{8BC9CEB8-8B4A-11D0-8D11-00A0C91BC942}") = "directxca", "src\ca\directxca.vcxproj", "{76542B28-0FFD-47D3-AD6A-D0F20FA875AC}"
EndProject
Project("{930C7802-8A8C-48F9-8165-68863BCCD9DD}") = "directx", "src\wixlib\directx.wixproj", "{4D8DDEC7-AAAC-4A32-87D0-5992FE382ED9}"
EndProject
Project("{9A19103F-16F7-4668-BE54-9A1E7A4F7556}") = "WixToolset.DirectX.wixext", "src\wixext\WixToolset.DirectX.wixext.csproj", "{6182DBCA-146A-4F37-8406-3139BBE04636}"
EndProject
Project("{9A19103F-16F7-4668-BE54-9A1E7A4F7556}") = "WixToolsetTest.DirectX", "src\test\WixToolsetTest.DirectX\WixToolsetTest.DirectX.csproj", "{508A3DD0-FE58-4150-A1F6-A803A377012A}"
EndProject
Global
	GlobalSection(SolutionConfigurationPlatforms) = preSolution
		Debug|Any CPU = Debug|Any CPU
		Debug|x86 = Debug|x86
		Release|Any CPU = Release|Any CPU
		Release|x86 = Release|x86
	EndGlobalSection
	GlobalSection(ProjectConfigurationPlatforms) = postSolution
		{76542B28-0FFD-47D3-AD6A-D0F20FA875AC}.Debug|Any CPU.ActiveCfg = Debug|Win32
		{76542B28-0FFD-47D3-AD6A-D0F20FA875AC}.Debug|Any CPU.Build.0 = Debug|Win32
		{76542B28-0FFD-47D3-AD6A-D0F20FA875AC}.Debug|x86.ActiveCfg = Debug|Win32
		{76542B28-0FFD-47D3-AD6A-D0F20FA875AC}.Debug|x86.Build.0 = Debug|Win32
		{76542B28-0FFD-47D3-AD6A-D0F20FA875AC}.Release|Any CPU.ActiveCfg = Release|Win32
		{76542B28-0FFD-47D3-AD6A-D0F20FA875AC}.Release|Any CPU.Build.0 = Release|Win32
		{76542B28-0FFD-47D3-AD6A-D0F20FA875AC}.Release|x86.ActiveCfg = Release|Win32
		{76542B28-0FFD-47D3-AD6A-D0F20FA875AC}.Release|x86.Build.0 = Release|Win32
		{4D8DDEC7-AAAC-4A32-87D0-5992FE382ED9}.Debug|Any CPU.ActiveCfg = Debug|x86
		{4D8DDEC7-AAAC-4A32-87D0-5992FE382ED9}.Debug|Any CPU.Build.0 = Debug|x86
		{4D8DDEC7-AAAC-4A32-87D0-5992FE382ED9}.Debug|x86.ActiveCfg = Debug|x86
		{4D8DDEC7-AAAC-4A32-87D0-5992FE382ED9}.Debug|x86.Build.0 = Debug|x86
		{4D8DDEC7-AAAC-4A32-87D0-5992FE382ED9}.Release|Any CPU.ActiveCfg = Release|x86
		{4D8DDEC7-AAAC-4A32-87D0-5992FE382ED9}.Release|Any CPU.Build.0 = Release|x86
		{4D8DDEC7-AAAC-4A32-87D0-5992FE382ED9}.Release|x86.ActiveCfg = Release|x86
		{4D8DDEC7-AAAC-4A32-87D0-5992FE382ED9}.Release|x86.Build.0 = Release|x86
		{6182DBCA-146A-4F37-8406-3139BBE04636}.Debug|Any CPU.ActiveCfg = Debug|Any CPU
		{6182DBCA-146A-4F37-8406-3139BBE04636}.Debug|Any CPU.Build.0 = Debug|Any CPU
		{6182DBCA-146A-4F37-8406-3139BBE04636}.Debug|x86.ActiveCfg = Debug|Any CPU
		{6182DBCA-146A-4F37-8406-3139BBE04636}.Debug|x86.Build.0 = Debug|Any CPU
		{6182DBCA-146A-4F37-8406-3139BBE04636}.Release|Any CPU.ActiveCfg = Release|Any CPU
		{6182DBCA-146A-4F37-8406-3139BBE04636}.Release|Any CPU.Build.0 = Release|Any CPU
		{6182DBCA-146A-4F37-8406-3139BBE04636}.Release|x86.ActiveCfg = Release|Any CPU
		{6182DBCA-146A-4F37-8406-3139BBE04636}.Release|x86.Build.0 = Release|Any CPU
		{508A3DD0-FE58-4150-A1F6-A803A377012A}.Debug|Any CPU.ActiveCfg = Debug|Any CPU
		{508A3DD0-FE58-4150-A1F6-A803A377012A}.Debug|Any CPU.Build.0 = Debug|Any CPU
		{508A3DD0-FE58-4150-A1F6-A803A377012A}.Debug|x86.ActiveCfg = Debug|Any CPU
		{508A3DD0-FE58-4150-A1F6-A803A377012A}.Debug|x86.Build.0 = Debug|Any CPU
		{508A3DD0-FE58-4150-A1F6-A803A377012A}.Release|Any CPU.ActiveCfg = Release|Any CPU
		{508A3DD0-FE58-4150-A1F6-A803A377012A}.Release|Any CPU.Build.0 = Release|Any CPU
		{508A3DD0-FE58-4150-A1F6-A803A377012A}.Release|x86.ActiveCfg = Release|Any CPU
		{508A3DD0-FE58-4150-A1F6-A803A377012A}.Release|x86.Build.0 = Release|Any CPU
	EndGlobalSection
	GlobalSection(SolutionProperties) = preSolution
		HideSolutionNode = FALSE
	EndGlobalSection
	GlobalSection(ExtensibilityGlobals) = postSolution
		SolutionGuid = {A32D323A-3843-410E-BB3A-A97ABA6E4107}
	EndGlobalSection
EndGlobal
