
Microsoft Visual Studio Solution File, Format Version 12.00
# Visual Studio 15
VisualStudioVersion = 15.0.27130.2003
MinimumVisualStudioVersion = 15.0.26124.0
Project("{8BC9CEB8-8B4A-11D0-8D11-00A0C91BC942}") = "utilbe", "src\be\utilbe.vcxproj", "{630C1EE7-2517-4A8C-83E3-DA1150308B58}"
EndProject
Project("{8BC9CEB8-8B4A-11D0-8D11-00A0C91BC942}") = "utilca", "src\ca\utilca.vcxproj", "{076018F7-19BD-423A-ABBF-229273DA08D8}"
EndProject
Project("{930C7802-8A8C-48F9-8165-68863BCCD9DD}") = "util", "src\wixlib\util.wixproj", "{1ACFFEFD-505A-41A5-ACBF-A02B7B473AA2}"
EndProject
Project("{9A19103F-16F7-4668-BE54-9A1E7A4F7556}") = "WixToolset.Util.wixext", "src\wixext\WixToolset.Util.wixext.csproj", "{6CF033EB-0A39-4AC6-9D41-9BD506352045}"
EndProject
Project("{9A19103F-16F7-4668-BE54-9A1E7A4F7556}") = "WixToolsetTest.Util", "src\test\WixToolsetTest.Util\WixToolsetTest.Util.csproj", "{D5D34EC4-AF91-4B11-AC0A-FA5242AE924B}"
EndProject
Global
	GlobalSection(SolutionConfigurationPlatforms) = preSolution
		Debug|Any CPU = Debug|Any CPU
		Debug|x64 = Debug|x64
		Debug|x86 = Debug|x86
		Release|Any CPU = Release|Any CPU
		Release|x64 = Release|x64
		Release|x86 = Release|x86
	EndGlobalSection
	GlobalSection(ProjectConfigurationPlatforms) = postSolution
		{630C1EE7-2517-4A8C-83E3-DA1150308B58}.Debug|Any CPU.ActiveCfg = Debug|Win32
		{630C1EE7-2517-4A8C-83E3-DA1150308B58}.Debug|Any CPU.Build.0 = Debug|Win32
		{630C1EE7-2517-4A8C-83E3-DA1150308B58}.Debug|x64.ActiveCfg = Debug|Win32
		{630C1EE7-2517-4A8C-83E3-DA1150308B58}.Debug|x86.ActiveCfg = Debug|Win32
		{630C1EE7-2517-4A8C-83E3-DA1150308B58}.Debug|x86.Build.0 = Debug|Win32
		{630C1EE7-2517-4A8C-83E3-DA1150308B58}.Release|Any CPU.ActiveCfg = Release|Win32
		{630C1EE7-2517-4A8C-83E3-DA1150308B58}.Release|x64.ActiveCfg = Release|Win32
		{630C1EE7-2517-4A8C-83E3-DA1150308B58}.Release|x86.ActiveCfg = Release|Win32
		{630C1EE7-2517-4A8C-83E3-DA1150308B58}.Release|x86.Build.0 = Release|Win32
		{076018F7-19BD-423A-ABBF-229273DA08D8}.Debug|Any CPU.ActiveCfg = Debug|Win32
		{076018F7-19BD-423A-ABBF-229273DA08D8}.Debug|Any CPU.Build.0 = Debug|Win32
		{076018F7-19BD-423A-ABBF-229273DA08D8}.Debug|x64.ActiveCfg = Debug|Win32
		{076018F7-19BD-423A-ABBF-229273DA08D8}.Debug|x86.ActiveCfg = Debug|Win32
		{076018F7-19BD-423A-ABBF-229273DA08D8}.Debug|x86.Build.0 = Debug|Win32
		{076018F7-19BD-423A-ABBF-229273DA08D8}.Release|Any CPU.ActiveCfg = Release|Win32
		{076018F7-19BD-423A-ABBF-229273DA08D8}.Release|x64.ActiveCfg = Release|Win32
		{076018F7-19BD-423A-ABBF-229273DA08D8}.Release|x86.ActiveCfg = Release|Win32
		{076018F7-19BD-423A-ABBF-229273DA08D8}.Release|x86.Build.0 = Release|Win32
		{1ACFFEFD-505A-41A5-ACBF-A02B7B473AA2}.Debug|Any CPU.ActiveCfg = Debug|x86
		{1ACFFEFD-505A-41A5-ACBF-A02B7B473AA2}.Debug|Any CPU.Build.0 = Debug|x86
		{1ACFFEFD-505A-41A5-ACBF-A02B7B473AA2}.Debug|x64.ActiveCfg = Debug|x86
		{1ACFFEFD-505A-41A5-ACBF-A02B7B473AA2}.Debug|x86.ActiveCfg = Debug|x86
		{1ACFFEFD-505A-41A5-ACBF-A02B7B473AA2}.Debug|x86.Build.0 = Debug|x86
		{1ACFFEFD-505A-41A5-ACBF-A02B7B473AA2}.Release|Any CPU.ActiveCfg = Release|x86
		{1ACFFEFD-505A-41A5-ACBF-A02B7B473AA2}.Release|x64.ActiveCfg = Release|x86
		{1ACFFEFD-505A-41A5-ACBF-A02B7B473AA2}.Release|x86.ActiveCfg = Release|x86
		{1ACFFEFD-505A-41A5-ACBF-A02B7B473AA2}.Release|x86.Build.0 = Release|x86
		{6CF033EB-0A39-4AC6-9D41-9BD506352045}.Debug|Any CPU.ActiveCfg = Debug|Any CPU
		{6CF033EB-0A39-4AC6-9D41-9BD506352045}.Debug|Any CPU.Build.0 = Debug|Any CPU
		{6CF033EB-0A39-4AC6-9D41-9BD506352045}.Debug|x64.ActiveCfg = Debug|Any CPU
		{6CF033EB-0A39-4AC6-9D41-9BD506352045}.Debug|x64.Build.0 = Debug|Any CPU
		{6CF033EB-0A39-4AC6-9D41-9BD506352045}.Debug|x86.ActiveCfg = Debug|Any CPU
		{6CF033EB-0A39-4AC6-9D41-9BD506352045}.Debug|x86.Build.0 = Debug|Any CPU
		{6CF033EB-0A39-4AC6-9D41-9BD506352045}.Release|Any CPU.ActiveCfg = Release|Any CPU
		{6CF033EB-0A39-4AC6-9D41-9BD506352045}.Release|Any CPU.Build.0 = Release|Any CPU
		{6CF033EB-0A39-4AC6-9D41-9BD506352045}.Release|x64.ActiveCfg = Release|Any CPU
		{6CF033EB-0A39-4AC6-9D41-9BD506352045}.Release|x64.Build.0 = Release|Any CPU
		{6CF033EB-0A39-4AC6-9D41-9BD506352045}.Release|x86.ActiveCfg = Release|Any CPU
		{6CF033EB-0A39-4AC6-9D41-9BD506352045}.Release|x86.Build.0 = Release|Any CPU
		{D5D34EC4-AF91-4B11-AC0A-FA5242AE924B}.Debug|Any CPU.ActiveCfg = Debug|Any CPU
		{D5D34EC4-AF91-4B11-AC0A-FA5242AE924B}.Debug|Any CPU.Build.0 = Debug|Any CPU
		{D5D34EC4-AF91-4B11-AC0A-FA5242AE924B}.Debug|x64.ActiveCfg = Debug|Any CPU
		{D5D34EC4-AF91-4B11-AC0A-FA5242AE924B}.Debug|x64.Build.0 = Debug|Any CPU
		{D5D34EC4-AF91-4B11-AC0A-FA5242AE924B}.Debug|x86.ActiveCfg = Debug|Any CPU
		{D5D34EC4-AF91-4B11-AC0A-FA5242AE924B}.Debug|x86.Build.0 = Debug|Any CPU
		{D5D34EC4-AF91-4B11-AC0A-FA5242AE924B}.Release|Any CPU.ActiveCfg = Release|Any CPU
		{D5D34EC4-AF91-4B11-AC0A-FA5242AE924B}.Release|Any CPU.Build.0 = Release|Any CPU
		{D5D34EC4-AF91-4B11-AC0A-FA5242AE924B}.Release|x64.ActiveCfg = Release|Any CPU
		{D5D34EC4-AF91-4B11-AC0A-FA5242AE924B}.Release|x64.Build.0 = Release|Any CPU
		{D5D34EC4-AF91-4B11-AC0A-FA5242AE924B}.Release|x86.ActiveCfg = Release|Any CPU
		{D5D34EC4-AF91-4B11-AC0A-FA5242AE924B}.Release|x86.Build.0 = Release|Any CPU
	EndGlobalSection
	GlobalSection(SolutionProperties) = preSolution
		HideSolutionNode = FALSE
	EndGlobalSection
	GlobalSection(ExtensibilityGlobals) = postSolution
		SolutionGuid = {E4566A6B-47D0-4EA0-989A-D763AC39105D}
	EndGlobalSection
EndGlobal
