
Microsoft Visual Studio Solution File, Format Version 12.00
# Visual Studio Version 16
VisualStudioVersion = 16.0.30611.23
MinimumVisualStudioVersion = 15.0.26124.0
Project("{8BC9CEB8-8B4A-11D0-8D11-00A0C91BC942}") = "vsca", "src\ca\vsca.vcxproj", "{45308B85-0628-4978-8FC8-6AD9E1AD5949}"
EndProject
Project("{930C7802-8A8C-48F9-8165-68863BCCD9DD}") = "vs", "src\wixlib\vs.wixproj", "{14345C9D-8AF8-435A-BB1B-E067CE7EB321}"
EndProject
Project("{9A19103F-16F7-4668-BE54-9A1E7A4F7556}") = "WixToolset.VisualStudio.wixext", "src\wixext\WixToolset.VisualStudio.wixext.csproj", "{61BFD377-9DE1-48B4-8687-560DF68D6F3B}"
EndProject
Project("{9A19103F-16F7-4668-BE54-9A1E7A4F7556}") = "WixToolsetTest.VisualStudio", "src\test\WixToolsetTest.VisualStudio\WixToolsetTest.VisualStudio.csproj", "{DD2BD0F7-1E4A-4D11-954C-3505323C4E1B}"
EndProject
Global
	GlobalSection(SolutionConfigurationPlatforms) = preSolution
		Debug|Any CPU = Debug|Any CPU
		Debug|x64 = Debug|x64
		Debug|x86 = Debug|x86
		Release|Any CPU = Release|Any CPU
		Release|x64 = Release|x64
		Release|x86 = Release|x86
	EndGlobalSection
	GlobalSection(ProjectConfigurationPlatforms) = postSolution
		{45308B85-0628-4978-8FC8-6AD9E1AD5949}.Debug|Any CPU.ActiveCfg = Debug|Win32
		{45308B85-0628-4978-8FC8-6AD9E1AD5949}.Debug|Any CPU.Build.0 = Debug|Win32
		{45308B85-0628-4978-8FC8-6AD9E1AD5949}.Debug|x64.ActiveCfg = Debug|Win32
		{45308B85-0628-4978-8FC8-6AD9E1AD5949}.Debug|x86.ActiveCfg = Debug|Win32
		{45308B85-0628-4978-8FC8-6AD9E1AD5949}.Debug|x86.Build.0 = Debug|Win32
		{45308B85-0628-4978-8FC8-6AD9E1AD5949}.Release|Any CPU.ActiveCfg = Release|Win32
		{45308B85-0628-4978-8FC8-6AD9E1AD5949}.Release|x64.ActiveCfg = Release|Win32
		{45308B85-0628-4978-8FC8-6AD9E1AD5949}.Release|x86.ActiveCfg = Release|Win32
		{45308B85-0628-4978-8FC8-6AD9E1AD5949}.Release|x86.Build.0 = Release|Win32
		{61BFD377-9DE1-48B4-8687-560DF68D6F3B}.Debug|Any CPU.ActiveCfg = Debug|Any CPU
		{61BFD377-9DE1-48B4-8687-560DF68D6F3B}.Debug|Any CPU.Build.0 = Debug|Any CPU
		{61BFD377-9DE1-48B4-8687-560DF68D6F3B}.Debug|x64.ActiveCfg = Debug|Any CPU
		{61BFD377-9DE1-48B4-8687-560DF68D6F3B}.Debug|x64.Build.0 = Debug|Any CPU
		{61BFD377-9DE1-48B4-8687-560DF68D6F3B}.Debug|x86.ActiveCfg = Debug|Any CPU
		{61BFD377-9DE1-48B4-8687-560DF68D6F3B}.Debug|x86.Build.0 = Debug|Any CPU
		{61BFD377-9DE1-48B4-8687-560DF68D6F3B}.Release|Any CPU.ActiveCfg = Release|Any CPU
		{61BFD377-9DE1-48B4-8687-560DF68D6F3B}.Release|Any CPU.Build.0 = Release|Any CPU
		{61BFD377-9DE1-48B4-8687-560DF68D6F3B}.Release|x64.ActiveCfg = Release|Any CPU
		{61BFD377-9DE1-48B4-8687-560DF68D6F3B}.Release|x64.Build.0 = Release|Any CPU
		{61BFD377-9DE1-48B4-8687-560DF68D6F3B}.Release|x86.ActiveCfg = Release|Any CPU
		{61BFD377-9DE1-48B4-8687-560DF68D6F3B}.Release|x86.Build.0 = Release|Any CPU
		{14345C9D-8AF8-435A-BB1B-E067CE7EB321}.Debug|Any CPU.ActiveCfg = Debug|x86
		{14345C9D-8AF8-435A-BB1B-E067CE7EB321}.Debug|Any CPU.Build.0 = Debug|x86
		{14345C9D-8AF8-435A-BB1B-E067CE7EB321}.Debug|x64.ActiveCfg = Debug|x86
		{14345C9D-8AF8-435A-BB1B-E067CE7EB321}.Debug|x86.ActiveCfg = Debug|x86
		{14345C9D-8AF8-435A-BB1B-E067CE7EB321}.Debug|x86.Build.0 = Debug|x86
		{14345C9D-8AF8-435A-BB1B-E067CE7EB321}.Release|Any CPU.ActiveCfg = Release|x86
		{14345C9D-8AF8-435A-BB1B-E067CE7EB321}.Release|x64.ActiveCfg = Release|x86
		{14345C9D-8AF8-435A-BB1B-E067CE7EB321}.Release|x86.ActiveCfg = Release|x86
		{14345C9D-8AF8-435A-BB1B-E067CE7EB321}.Release|x86.Build.0 = Release|x86
		{DD2BD0F7-1E4A-4D11-954C-3505323C4E1B}.Debug|Any CPU.ActiveCfg = Debug|Any CPU
		{DD2BD0F7-1E4A-4D11-954C-3505323C4E1B}.Debug|Any CPU.Build.0 = Debug|Any CPU
		{DD2BD0F7-1E4A-4D11-954C-3505323C4E1B}.Debug|x64.ActiveCfg = Debug|Any CPU
		{DD2BD0F7-1E4A-4D11-954C-3505323C4E1B}.Debug|x64.Build.0 = Debug|Any CPU
		{DD2BD0F7-1E4A-4D11-954C-3505323C4E1B}.Debug|x86.ActiveCfg = Debug|Any CPU
		{DD2BD0F7-1E4A-4D11-954C-3505323C4E1B}.Debug|x86.Build.0 = Debug|Any CPU
		{DD2BD0F7-1E4A-4D11-954C-3505323C4E1B}.Release|Any CPU.ActiveCfg = Release|Any CPU
		{DD2BD0F7-1E4A-4D11-954C-3505323C4E1B}.Release|Any CPU.Build.0 = Release|Any CPU
		{DD2BD0F7-1E4A-4D11-954C-3505323C4E1B}.Release|x64.ActiveCfg = Release|Any CPU
		{DD2BD0F7-1E4A-4D11-954C-3505323C4E1B}.Release|x64.Build.0 = Release|Any CPU
		{DD2BD0F7-1E4A-4D11-954C-3505323C4E1B}.Release|x86.ActiveCfg = Release|Any CPU
		{DD2BD0F7-1E4A-4D11-954C-3505323C4E1B}.Release|x86.Build.0 = Release|Any CPU
	EndGlobalSection
	GlobalSection(SolutionProperties) = preSolution
		HideSolutionNode = FALSE
	EndGlobalSection
	GlobalSection(ExtensibilityGlobals) = postSolution
		SolutionGuid = {E4566A6B-47D0-4EA0-989A-D763AC39105D}
	EndGlobalSection
EndGlobal
