Microsoft Visual Studio Solution File, Format Version 12.00
# Visual Studio 15
VisualStudioVersion = 15.0.27004.2009
MinimumVisualStudioVersion = 15.0.26124.0
Project("{9A19103F-16F7-4668-BE54-9A1E7A4F7556}") = "WixToolset.Core", "src\WixToolset.Core\WixToolset.Core.csproj", "{0B524850-5B9A-472B-85CC-D25920A1DFE1}"
EndProject
Project("{9A19103F-16F7-4668-BE54-9A1E7A4F7556}") = "WixToolset.Core.WindowsInstaller", "src\WixToolset.Core.WindowsInstaller\WixToolset.Core.WindowsInstaller.csproj", "{5617F2A7-46A0-4D07-B9E0-E982D15641E4}"
EndProject
Project("{9A19103F-16F7-4668-BE54-9A1E7A4F7556}") = "WixToolset.Core.Burn", "src\WixToolset.Core.Burn\WixToolset.Core.Burn.csproj", "{BC19D30D-C1B6-46DF-95B3-8EDF688E0FEC}"
EndProject
Project("{2150E333-8FDC-42A3-9474-1A3956D46DE8}") = "Test", "Test", "{1284331E-BC6C-426D-AAAF-140C0174F875}"
EndProject
Project("{9A19103F-16F7-4668-BE54-9A1E7A4F7556}") = "Example.Extension", "src\test\Example.Extension\Example.Extension.csproj", "{C66C2503-C671-4230-8B48-1D93A8532A28}"
EndProject
Project("{9A19103F-16F7-4668-BE54-9A1E7A4F7556}") = "WixToolsetTest.CoreIntegration", "src\test\WixToolsetTest.CoreIntegration\WixToolsetTest.CoreIntegration.csproj", "{E8A08E86-1780-4ED4-8F63-AB2B52C1C16B}"
EndProject
Project("{9A19103F-16F7-4668-BE54-9A1E7A4F7556}") = "WixToolsetTest.Core.Burn", "src\test\WixToolsetTest.Core.Burn\WixToolsetTest.Core.Burn.csproj", "{DF63F589-028E-45A1-A212-948FACF1FDCD}"
EndProject
Project("{9A19103F-16F7-4668-BE54-9A1E7A4F7556}") = "WixToolset.Core.TestPackage", "src\WixToolset.Core.TestPackage\WixToolset.Core.TestPackage.csproj", "{853716DB-C02C-41BD-91BC-79CDC0C17D10}"
EndProject
Project("{FAE04EC0-301F-11D3-BF4B-00C04F79EFBC}") = "CompileCoreTestExtensionWixlib", "src\test\CompileCoreTestExtensionWixlib\CompileCoreTestExtensionWixlib.csproj", "{23FC60D7-B101-42F8-9786-DB7A9CD964A2}"
EndProject
Global
	GlobalSection(SolutionConfigurationPlatforms) = preSolution
		Debug|Any CPU = Debug|Any CPU
		Debug|x64 = Debug|x64
		Debug|x86 = Debug|x86
		Release|Any CPU = Release|Any CPU
		Release|x64 = Release|x64
		Release|x86 = Release|x86
	EndGlobalSection
	GlobalSection(ProjectConfigurationPlatforms) = postSolution
		{0B524850-5B9A-472B-85CC-D25920A1DFE1}.Debug|Any CPU.ActiveCfg = Debug|Any CPU
		{0B524850-5B9A-472B-85CC-D25920A1DFE1}.Debug|Any CPU.Build.0 = Debug|Any CPU
		{0B524850-5B9A-472B-85CC-D25920A1DFE1}.Debug|x64.ActiveCfg = Debug|Any CPU
		{0B524850-5B9A-472B-85CC-D25920A1DFE1}.Debug|x64.Build.0 = Debug|Any CPU
		{0B524850-5B9A-472B-85CC-D25920A1DFE1}.Debug|x86.ActiveCfg = Debug|Any CPU
		{0B524850-5B9A-472B-85CC-D25920A1DFE1}.Debug|x86.Build.0 = Debug|Any CPU
		{0B524850-5B9A-472B-85CC-D25920A1DFE1}.Release|Any CPU.ActiveCfg = Release|Any CPU
		{0B524850-5B9A-472B-85CC-D25920A1DFE1}.Release|Any CPU.Build.0 = Release|Any CPU
		{0B524850-5B9A-472B-85CC-D25920A1DFE1}.Release|x64.ActiveCfg = Release|Any CPU
		{0B524850-5B9A-472B-85CC-D25920A1DFE1}.Release|x64.Build.0 = Release|Any CPU
		{0B524850-5B9A-472B-85CC-D25920A1DFE1}.Release|x86.ActiveCfg = Release|Any CPU
		{0B524850-5B9A-472B-85CC-D25920A1DFE1}.Release|x86.Build.0 = Release|Any CPU
		{5617F2A7-46A0-4D07-B9E0-E982D15641E4}.Debug|Any CPU.ActiveCfg = Debug|Any CPU
		{5617F2A7-46A0-4D07-B9E0-E982D15641E4}.Debug|Any CPU.Build.0 = Debug|Any CPU
		{5617F2A7-46A0-4D07-B9E0-E982D15641E4}.Debug|x64.ActiveCfg = Debug|Any CPU
		{5617F2A7-46A0-4D07-B9E0-E982D15641E4}.Debug|x64.Build.0 = Debug|Any CPU
		{5617F2A7-46A0-4D07-B9E0-E982D15641E4}.Debug|x86.ActiveCfg = Debug|Any CPU
		{5617F2A7-46A0-4D07-B9E0-E982D15641E4}.Debug|x86.Build.0 = Debug|Any CPU
		{5617F2A7-46A0-4D07-B9E0-E982D15641E4}.Release|Any CPU.ActiveCfg = Release|Any CPU
		{5617F2A7-46A0-4D07-B9E0-E982D15641E4}.Release|Any CPU.Build.0 = Release|Any CPU
		{5617F2A7-46A0-4D07-B9E0-E982D15641E4}.Release|x64.ActiveCfg = Release|Any CPU
		{5617F2A7-46A0-4D07-B9E0-E982D15641E4}.Release|x64.Build.0 = Release|Any CPU
		{5617F2A7-46A0-4D07-B9E0-E982D15641E4}.Release|x86.ActiveCfg = Release|Any CPU
		{5617F2A7-46A0-4D07-B9E0-E982D15641E4}.Release|x86.Build.0 = Release|Any CPU
		{BC19D30D-C1B6-46DF-95B3-8EDF688E0FEC}.Debug|Any CPU.ActiveCfg = Debug|Any CPU
		{BC19D30D-C1B6-46DF-95B3-8EDF688E0FEC}.Debug|Any CPU.Build.0 = Debug|Any CPU
		{BC19D30D-C1B6-46DF-95B3-8EDF688E0FEC}.Debug|x64.ActiveCfg = Debug|Any CPU
		{BC19D30D-C1B6-46DF-95B3-8EDF688E0FEC}.Debug|x64.Build.0 = Debug|Any CPU
		{BC19D30D-C1B6-46DF-95B3-8EDF688E0FEC}.Debug|x86.ActiveCfg = Debug|Any CPU
		{BC19D30D-C1B6-46DF-95B3-8EDF688E0FEC}.Debug|x86.Build.0 = Debug|Any CPU
		{BC19D30D-C1B6-46DF-95B3-8EDF688E0FEC}.Release|Any CPU.ActiveCfg = Release|Any CPU
		{BC19D30D-C1B6-46DF-95B3-8EDF688E0FEC}.Release|Any CPU.Build.0 = Release|Any CPU
		{BC19D30D-C1B6-46DF-95B3-8EDF688E0FEC}.Release|x64.ActiveCfg = Release|Any CPU
		{BC19D30D-C1B6-46DF-95B3-8EDF688E0FEC}.Release|x64.Build.0 = Release|Any CPU
		{BC19D30D-C1B6-46DF-95B3-8EDF688E0FEC}.Release|x86.ActiveCfg = Release|Any CPU
		{BC19D30D-C1B6-46DF-95B3-8EDF688E0FEC}.Release|x86.Build.0 = Release|Any CPU
		{C66C2503-C671-4230-8B48-1D93A8532A28}.Debug|Any CPU.ActiveCfg = Debug|Any CPU
		{C66C2503-C671-4230-8B48-1D93A8532A28}.Debug|Any CPU.Build.0 = Debug|Any CPU
		{C66C2503-C671-4230-8B48-1D93A8532A28}.Debug|x64.ActiveCfg = Debug|Any CPU
		{C66C2503-C671-4230-8B48-1D93A8532A28}.Debug|x64.Build.0 = Debug|Any CPU
		{C66C2503-C671-4230-8B48-1D93A8532A28}.Debug|x86.ActiveCfg = Debug|Any CPU
		{C66C2503-C671-4230-8B48-1D93A8532A28}.Debug|x86.Build.0 = Debug|Any CPU
		{C66C2503-C671-4230-8B48-1D93A8532A28}.Release|Any CPU.ActiveCfg = Release|Any CPU
		{C66C2503-C671-4230-8B48-1D93A8532A28}.Release|Any CPU.Build.0 = Release|Any CPU
		{C66C2503-C671-4230-8B48-1D93A8532A28}.Release|x64.ActiveCfg = Release|Any CPU
		{C66C2503-C671-4230-8B48-1D93A8532A28}.Release|x64.Build.0 = Release|Any CPU
		{C66C2503-C671-4230-8B48-1D93A8532A28}.Release|x86.ActiveCfg = Release|Any CPU
		{C66C2503-C671-4230-8B48-1D93A8532A28}.Release|x86.Build.0 = Release|Any CPU
		{E8A08E86-1780-4ED4-8F63-AB2B52C1C16B}.Debug|Any CPU.ActiveCfg = Debug|Any CPU
		{E8A08E86-1780-4ED4-8F63-AB2B52C1C16B}.Debug|Any CPU.Build.0 = Debug|Any CPU
		{E8A08E86-1780-4ED4-8F63-AB2B52C1C16B}.Debug|x64.ActiveCfg = Debug|Any CPU
		{E8A08E86-1780-4ED4-8F63-AB2B52C1C16B}.Debug|x64.Build.0 = Debug|Any CPU
		{E8A08E86-1780-4ED4-8F63-AB2B52C1C16B}.Debug|x86.ActiveCfg = Debug|Any CPU
		{E8A08E86-1780-4ED4-8F63-AB2B52C1C16B}.Debug|x86.Build.0 = Debug|Any CPU
		{E8A08E86-1780-4ED4-8F63-AB2B52C1C16B}.Release|Any CPU.ActiveCfg = Release|Any CPU
		{E8A08E86-1780-4ED4-8F63-AB2B52C1C16B}.Release|Any CPU.Build.0 = Release|Any CPU
		{E8A08E86-1780-4ED4-8F63-AB2B52C1C16B}.Release|x64.ActiveCfg = Release|Any CPU
		{E8A08E86-1780-4ED4-8F63-AB2B52C1C16B}.Release|x64.Build.0 = Release|Any CPU
		{E8A08E86-1780-4ED4-8F63-AB2B52C1C16B}.Release|x86.ActiveCfg = Release|Any CPU
		{E8A08E86-1780-4ED4-8F63-AB2B52C1C16B}.Release|x86.Build.0 = Release|Any CPU
		{DF63F589-028E-45A1-A212-948FACF1FDCD}.Debug|Any CPU.ActiveCfg = Debug|Any CPU
		{DF63F589-028E-45A1-A212-948FACF1FDCD}.Debug|Any CPU.Build.0 = Debug|Any CPU
		{DF63F589-028E-45A1-A212-948FACF1FDCD}.Debug|x64.ActiveCfg = Debug|Any CPU
		{DF63F589-028E-45A1-A212-948FACF1FDCD}.Debug|x64.Build.0 = Debug|Any CPU
		{DF63F589-028E-45A1-A212-948FACF1FDCD}.Debug|x86.ActiveCfg = Debug|Any CPU
		{DF63F589-028E-45A1-A212-948FACF1FDCD}.Debug|x86.Build.0 = Debug|Any CPU
		{DF63F589-028E-45A1-A212-948FACF1FDCD}.Release|Any CPU.ActiveCfg = Release|Any CPU
		{DF63F589-028E-45A1-A212-948FACF1FDCD}.Release|Any CPU.Build.0 = Release|Any CPU
		{DF63F589-028E-45A1-A212-948FACF1FDCD}.Release|x64.ActiveCfg = Release|Any CPU
		{DF63F589-028E-45A1-A212-948FACF1FDCD}.Release|x64.Build.0 = Release|Any CPU
		{DF63F589-028E-45A1-A212-948FACF1FDCD}.Release|x86.ActiveCfg = Release|Any CPU
		{DF63F589-028E-45A1-A212-948FACF1FDCD}.Release|x86.Build.0 = Release|Any CPU
		{853716DB-C02C-41BD-91BC-79CDC0C17D10}.Debug|Any CPU.ActiveCfg = Debug|Any CPU
		{853716DB-C02C-41BD-91BC-79CDC0C17D10}.Debug|Any CPU.Build.0 = Debug|Any CPU
		{853716DB-C02C-41BD-91BC-79CDC0C17D10}.Debug|x64.ActiveCfg = Debug|Any CPU
		{853716DB-C02C-41BD-91BC-79CDC0C17D10}.Debug|x64.Build.0 = Debug|Any CPU
		{853716DB-C02C-41BD-91BC-79CDC0C17D10}.Debug|x86.ActiveCfg = Debug|Any CPU
		{853716DB-C02C-41BD-91BC-79CDC0C17D10}.Debug|x86.Build.0 = Debug|Any CPU
		{853716DB-C02C-41BD-91BC-79CDC0C17D10}.Release|Any CPU.ActiveCfg = Release|Any CPU
		{853716DB-C02C-41BD-91BC-79CDC0C17D10}.Release|Any CPU.Build.0 = Release|Any CPU
		{853716DB-C02C-41BD-91BC-79CDC0C17D10}.Release|x64.ActiveCfg = Release|Any CPU
		{853716DB-C02C-41BD-91BC-79CDC0C17D10}.Release|x64.Build.0 = Release|Any CPU
		{853716DB-C02C-41BD-91BC-79CDC0C17D10}.Release|x86.ActiveCfg = Release|Any CPU
		{853716DB-C02C-41BD-91BC-79CDC0C17D10}.Release|x86.Build.0 = Release|Any CPU
		{23FC60D7-B101-42F8-9786-DB7A9CD964A2}.Debug|Any CPU.ActiveCfg = Debug|Any CPU
		{23FC60D7-B101-42F8-9786-DB7A9CD964A2}.Debug|Any CPU.Build.0 = Debug|Any CPU
		{23FC60D7-B101-42F8-9786-DB7A9CD964A2}.Debug|x64.ActiveCfg = Debug|Any CPU
		{23FC60D7-B101-42F8-9786-DB7A9CD964A2}.Debug|x64.Build.0 = Debug|Any CPU
		{23FC60D7-B101-42F8-9786-DB7A9CD964A2}.Debug|x86.ActiveCfg = Debug|Any CPU
		{23FC60D7-B101-42F8-9786-DB7A9CD964A2}.Debug|x86.Build.0 = Debug|Any CPU
		{23FC60D7-B101-42F8-9786-DB7A9CD964A2}.Release|Any CPU.ActiveCfg = Release|Any CPU
		{23FC60D7-B101-42F8-9786-DB7A9CD964A2}.Release|Any CPU.Build.0 = Release|Any CPU
		{23FC60D7-B101-42F8-9786-DB7A9CD964A2}.Release|x64.ActiveCfg = Release|Any CPU
		{23FC60D7-B101-42F8-9786-DB7A9CD964A2}.Release|x64.Build.0 = Release|Any CPU
		{23FC60D7-B101-42F8-9786-DB7A9CD964A2}.Release|x86.ActiveCfg = Release|Any CPU
		{23FC60D7-B101-42F8-9786-DB7A9CD964A2}.Release|x86.Build.0 = Release|Any CPU
	EndGlobalSection
	GlobalSection(SolutionProperties) = preSolution
		HideSolutionNode = FALSE
	EndGlobalSection
	GlobalSection(NestedProjects) = preSolution
		{C66C2503-C671-4230-8B48-1D93A8532A28} = {1284331E-BC6C-426D-AAAF-140C0174F875}
		{E8A08E86-1780-4ED4-8F63-AB2B52C1C16B} = {1284331E-BC6C-426D-AAAF-140C0174F875}
		{DF63F589-028E-45A1-A212-948FACF1FDCD} = {1284331E-BC6C-426D-AAAF-140C0174F875}
		{23FC60D7-B101-42F8-9786-DB7A9CD964A2} = {1284331E-BC6C-426D-AAAF-140C0174F875}
	EndGlobalSection
	GlobalSection(ExtensibilityGlobals) = postSolution
		SolutionGuid = {BB8820D5-723D-426D-B4A0-4D221603C5FA}
	EndGlobalSection
EndGlobal
