Microsoft Visual Studio Solution File, Format Version 12.00
# Visual Studio 15
VisualStudioVersion = 15.0.26730.16
MinimumVisualStudioVersion = 15.0.26124.0
Project("{9A19103F-16F7-4668-BE54-9A1E7A4F7556}") = "WixToolset.Core", "src\WixToolset.Core\WixToolset.Core.csproj", "{0B524850-5B9A-472B-85CC-D25920A1DFE1}"
EndProject
Project("{9A19103F-16F7-4668-BE54-9A1E7A4F7556}") = "wix", "src\wix\wix.csproj", "{A948BD6C-A430-4927-B7A5-F6FFAE7B01B1}"
EndProject
Project("{9A19103F-16F7-4668-BE54-9A1E7A4F7556}") = "WixToolset.BuildTasks", "src\WixToolset.BuildTasks\WixToolset.BuildTasks.csproj", "{C199C723-73E1-4E79-AF86-898DBA007FC3}"
EndProject
Project("{9A19103F-16F7-4668-BE54-9A1E7A4F7556}") = "WixToolset.Core.WindowsInstaller", "src\WixToolset.Core.WindowsInstaller\WixToolset.Core.WindowsInstaller.csproj", "{5617F2A7-46A0-4D07-B9E0-E982D15641E4}"
EndProject
Project("{9A19103F-16F7-4668-BE54-9A1E7A4F7556}") = "WixToolset.Core.Burn", "src\WixToolset.Core.Burn\WixToolset.Core.Burn.csproj", "{BC19D30D-C1B6-46DF-95B3-8EDF688E0FEC}"
EndProject
Global
	GlobalSection(SolutionConfigurationPlatforms) = preSolution
		Debug|Any CPU = Debug|Any CPU
		Debug|x64 = Debug|x64
		Debug|x86 = Debug|x86
		Release|Any CPU = Release|Any CPU
		Release|x64 = Release|x64
		Release|x86 = Release|x86
	EndGlobalSection
	GlobalSection(ProjectConfigurationPlatforms) = postSolution
		{0B524850-5B9A-472B-85CC-D25920A1DFE1}.Debug|Any CPU.ActiveCfg = Debug|Any CPU
		{0B524850-5B9A-472B-85CC-D25920A1DFE1}.Debug|Any CPU.Build.0 = Debug|Any CPU
		{0B524850-5B9A-472B-85CC-D25920A1DFE1}.Debug|x64.ActiveCfg = Debug|Any CPU
		{0B524850-5B9A-472B-85CC-D25920A1DFE1}.Debug|x64.Build.0 = Debug|Any CPU
		{0B524850-5B9A-472B-85CC-D25920A1DFE1}.Debug|x86.ActiveCfg = Debug|Any CPU
		{0B524850-5B9A-472B-85CC-D25920A1DFE1}.Debug|x86.Build.0 = Debug|Any CPU
		{0B524850-5B9A-472B-85CC-D25920A1DFE1}.Release|Any CPU.ActiveCfg = Release|Any CPU
		{0B524850-5B9A-472B-85CC-D25920A1DFE1}.Release|Any CPU.Build.0 = Release|Any CPU
		{0B524850-5B9A-472B-85CC-D25920A1DFE1}.Release|x64.ActiveCfg = Release|Any CPU
		{0B524850-5B9A-472B-85CC-D25920A1DFE1}.Release|x64.Build.0 = Release|Any CPU
		{0B524850-5B9A-472B-85CC-D25920A1DFE1}.Release|x86.ActiveCfg = Release|Any CPU
		{0B524850-5B9A-472B-85CC-D25920A1DFE1}.Release|x86.Build.0 = Release|Any CPU
		{A948BD6C-A430-4927-B7A5-F6FFAE7B01B1}.Debug|Any CPU.ActiveCfg = Debug|Any CPU
		{A948BD6C-A430-4927-B7A5-F6FFAE7B01B1}.Debug|Any CPU.Build.0 = Debug|Any CPU
		{A948BD6C-A430-4927-B7A5-F6FFAE7B01B1}.Debug|x64.ActiveCfg = Debug|Any CPU
		{A948BD6C-A430-4927-B7A5-F6FFAE7B01B1}.Debug|x64.Build.0 = Debug|Any CPU
		{A948BD6C-A430-4927-B7A5-F6FFAE7B01B1}.Debug|x86.ActiveCfg = Debug|Any CPU
		{A948BD6C-A430-4927-B7A5-F6FFAE7B01B1}.Debug|x86.Build.0 = Debug|Any CPU
		{A948BD6C-A430-4927-B7A5-F6FFAE7B01B1}.Release|Any CPU.ActiveCfg = Release|Any CPU
		{A948BD6C-A430-4927-B7A5-F6FFAE7B01B1}.Release|Any CPU.Build.0 = Release|Any CPU
		{A948BD6C-A430-4927-B7A5-F6FFAE7B01B1}.Release|x64.ActiveCfg = Release|Any CPU
		{A948BD6C-A430-4927-B7A5-F6FFAE7B01B1}.Release|x64.Build.0 = Release|Any CPU
		{A948BD6C-A430-4927-B7A5-F6FFAE7B01B1}.Release|x86.ActiveCfg = Release|Any CPU
		{A948BD6C-A430-4927-B7A5-F6FFAE7B01B1}.Release|x86.Build.0 = Release|Any CPU
		{C199C723-73E1-4E79-AF86-898DBA007FC3}.Debug|Any CPU.ActiveCfg = Debug|Any CPU
		{C199C723-73E1-4E79-AF86-898DBA007FC3}.Debug|Any CPU.Build.0 = Debug|Any CPU
		{C199C723-73E1-4E79-AF86-898DBA007FC3}.Debug|x64.ActiveCfg = Debug|Any CPU
		{C199C723-73E1-4E79-AF86-898DBA007FC3}.Debug|x64.Build.0 = Debug|Any CPU
		{C199C723-73E1-4E79-AF86-898DBA007FC3}.Debug|x86.ActiveCfg = Debug|Any CPU
		{C199C723-73E1-4E79-AF86-898DBA007FC3}.Debug|x86.Build.0 = Debug|Any CPU
		{C199C723-73E1-4E79-AF86-898DBA007FC3}.Release|Any CPU.ActiveCfg = Release|Any CPU
		{C199C723-73E1-4E79-AF86-898DBA007FC3}.Release|Any CPU.Build.0 = Release|Any CPU
		{C199C723-73E1-4E79-AF86-898DBA007FC3}.Release|x64.ActiveCfg = Release|Any CPU
		{C199C723-73E1-4E79-AF86-898DBA007FC3}.Release|x64.Build.0 = Release|Any CPU
		{C199C723-73E1-4E79-AF86-898DBA007FC3}.Release|x86.ActiveCfg = Release|Any CPU
		{C199C723-73E1-4E79-AF86-898DBA007FC3}.Release|x86.Build.0 = Release|Any CPU
		{5617F2A7-46A0-4D07-B9E0-E982D15641E4}.Debug|Any CPU.ActiveCfg = Debug|Any CPU
		{5617F2A7-46A0-4D07-B9E0-E982D15641E4}.Debug|Any CPU.Build.0 = Debug|Any CPU
		{5617F2A7-46A0-4D07-B9E0-E982D15641E4}.Debug|x64.ActiveCfg = Debug|Any CPU
		{5617F2A7-46A0-4D07-B9E0-E982D15641E4}.Debug|x64.Build.0 = Debug|Any CPU
		{5617F2A7-46A0-4D07-B9E0-E982D15641E4}.Debug|x86.ActiveCfg = Debug|Any CPU
		{5617F2A7-46A0-4D07-B9E0-E982D15641E4}.Debug|x86.Build.0 = Debug|Any CPU
		{5617F2A7-46A0-4D07-B9E0-E982D15641E4}.Release|Any CPU.ActiveCfg = Release|Any CPU
		{5617F2A7-46A0-4D07-B9E0-E982D15641E4}.Release|Any CPU.Build.0 = Release|Any CPU
		{5617F2A7-46A0-4D07-B9E0-E982D15641E4}.Release|x64.ActiveCfg = Release|Any CPU
		{5617F2A7-46A0-4D07-B9E0-E982D15641E4}.Release|x64.Build.0 = Release|Any CPU
		{5617F2A7-46A0-4D07-B9E0-E982D15641E4}.Release|x86.ActiveCfg = Release|Any CPU
		{5617F2A7-46A0-4D07-B9E0-E982D15641E4}.Release|x86.Build.0 = Release|Any CPU
		{BC19D30D-C1B6-46DF-95B3-8EDF688E0FEC}.Debug|Any CPU.ActiveCfg = Debug|Any CPU
		{BC19D30D-C1B6-46DF-95B3-8EDF688E0FEC}.Debug|Any CPU.Build.0 = Debug|Any CPU
		{BC19D30D-C1B6-46DF-95B3-8EDF688E0FEC}.Debug|x64.ActiveCfg = Debug|Any CPU
		{BC19D30D-C1B6-46DF-95B3-8EDF688E0FEC}.Debug|x64.Build.0 = Debug|Any CPU
		{BC19D30D-C1B6-46DF-95B3-8EDF688E0FEC}.Debug|x86.ActiveCfg = Debug|Any CPU
		{BC19D30D-C1B6-46DF-95B3-8EDF688E0FEC}.Debug|x86.Build.0 = Debug|Any CPU
		{BC19D30D-C1B6-46DF-95B3-8EDF688E0FEC}.Release|Any CPU.ActiveCfg = Release|Any CPU
		{BC19D30D-C1B6-46DF-95B3-8EDF688E0FEC}.Release|Any CPU.Build.0 = Release|Any CPU
		{BC19D30D-C1B6-46DF-95B3-8EDF688E0FEC}.Release|x64.ActiveCfg = Release|Any CPU
		{BC19D30D-C1B6-46DF-95B3-8EDF688E0FEC}.Release|x64.Build.0 = Release|Any CPU
		{BC19D30D-C1B6-46DF-95B3-8EDF688E0FEC}.Release|x86.ActiveCfg = Release|Any CPU
		{BC19D30D-C1B6-46DF-95B3-8EDF688E0FEC}.Release|x86.Build.0 = Release|Any CPU
	EndGlobalSection
	GlobalSection(SolutionProperties) = preSolution
		HideSolutionNode = FALSE
	EndGlobalSection
	GlobalSection(ExtensibilityGlobals) = postSolution
		SolutionGuid = {BB8820D5-723D-426D-B4A0-4D221603C5FA}
	EndGlobalSection
EndGlobal
