
Microsoft Visual Studio Solution File, Format Version 12.00
# Visual Studio Version 16
VisualStudioVersion = 16.0.29503.13
MinimumVisualStudioVersion = 10.0.40219.1
Project("{9A19103F-16F7-4668-BE54-9A1E7A4F7556}") = "TestBA", "TestBA\TestBA.csproj", "{04022D35-6D75-49D0-91D2-4208E09DBA6D}"
EndProject
Project("{9A19103F-16F7-4668-BE54-9A1E7A4F7556}") = "TestExe", "TestExe\TestExe.csproj", "{B038B342-BE42-4951-82A9-7789412CF37F}"
EndProject
Project("{9A19103F-16F7-4668-BE54-9A1E7A4F7556}") = "WixTestTools", "WixTestTools\WixTestTools.csproj", "{3D3B02F3-79B6-4BD5-AD49-2889DA3849A7}"
EndProject
Project("{9A19103F-16F7-4668-BE54-9A1E7A4F7556}") = "WixToolset.WixBA", "WixToolset.WixBA\WixToolset.WixBA.csproj", "{7C27518B-84AD-4679-8EF4-29DF552CF1AC}"
EndProject
Project("{9A19103F-16F7-4668-BE54-9A1E7A4F7556}") = "WixToolsetTest.BurnE2E", "WixToolsetTest.BurnE2E\WixToolsetTest.BurnE2E.csproj", "{FED9D707-E5C3-4867-87B0-FABDB5EB0823}"
EndProject
Global
	GlobalSection(SolutionConfigurationPlatforms) = preSolution
		Debug|Any CPU = Debug|Any CPU
		Debug|x64 = Debug|x64
		Debug|x86 = Debug|x86
		Release|Any CPU = Release|Any CPU
		Release|x64 = Release|x64
		Release|x86 = Release|x86
	EndGlobalSection
	GlobalSection(ProjectConfigurationPlatforms) = postSolution
		{04022D35-6D75-49D0-91D2-4208E09DBA6D}.Debug|Any CPU.ActiveCfg = Debug|Any CPU
		{04022D35-6D75-49D0-91D2-4208E09DBA6D}.Debug|Any CPU.Build.0 = Debug|Any CPU
		{04022D35-6D75-49D0-91D2-4208E09DBA6D}.Debug|x64.ActiveCfg = Debug|Any CPU
		{04022D35-6D75-49D0-91D2-4208E09DBA6D}.Debug|x64.Build.0 = Debug|Any CPU
		{04022D35-6D75-49D0-91D2-4208E09DBA6D}.Debug|x86.ActiveCfg = Debug|Any CPU
		{04022D35-6D75-49D0-91D2-4208E09DBA6D}.Debug|x86.Build.0 = Debug|Any CPU
		{04022D35-6D75-49D0-91D2-4208E09DBA6D}.Release|Any CPU.ActiveCfg = Release|Any CPU
		{04022D35-6D75-49D0-91D2-4208E09DBA6D}.Release|Any CPU.Build.0 = Release|Any CPU
		{04022D35-6D75-49D0-91D2-4208E09DBA6D}.Release|x64.ActiveCfg = Release|Any CPU
		{04022D35-6D75-49D0-91D2-4208E09DBA6D}.Release|x64.Build.0 = Release|Any CPU
		{04022D35-6D75-49D0-91D2-4208E09DBA6D}.Release|x86.ActiveCfg = Release|Any CPU
		{04022D35-6D75-49D0-91D2-4208E09DBA6D}.Release|x86.Build.0 = Release|Any CPU
		{B038B342-BE42-4951-82A9-7789412CF37F}.Debug|Any CPU.ActiveCfg = Debug|Any CPU
		{B038B342-BE42-4951-82A9-7789412CF37F}.Debug|Any CPU.Build.0 = Debug|Any CPU
		{B038B342-BE42-4951-82A9-7789412CF37F}.Debug|x64.ActiveCfg = Debug|Any CPU
		{B038B342-BE42-4951-82A9-7789412CF37F}.Debug|x64.Build.0 = Debug|Any CPU
		{B038B342-BE42-4951-82A9-7789412CF37F}.Debug|x86.ActiveCfg = Debug|Any CPU
		{B038B342-BE42-4951-82A9-7789412CF37F}.Debug|x86.Build.0 = Debug|Any CPU
		{B038B342-BE42-4951-82A9-7789412CF37F}.Release|Any CPU.ActiveCfg = Release|Any CPU
		{B038B342-BE42-4951-82A9-7789412CF37F}.Release|Any CPU.Build.0 = Release|Any CPU
		{B038B342-BE42-4951-82A9-7789412CF37F}.Release|x64.ActiveCfg = Release|Any CPU
		{B038B342-BE42-4951-82A9-7789412CF37F}.Release|x64.Build.0 = Release|Any CPU
		{B038B342-BE42-4951-82A9-7789412CF37F}.Release|x86.ActiveCfg = Release|Any CPU
		{B038B342-BE42-4951-82A9-7789412CF37F}.Release|x86.Build.0 = Release|Any CPU
		{3D3B02F3-79B6-4BD5-AD49-2889DA3849A7}.Debug|Any CPU.ActiveCfg = Debug|Any CPU
		{3D3B02F3-79B6-4BD5-AD49-2889DA3849A7}.Debug|Any CPU.Build.0 = Debug|Any CPU
		{3D3B02F3-79B6-4BD5-AD49-2889DA3849A7}.Debug|x64.ActiveCfg = Debug|Any CPU
		{3D3B02F3-79B6-4BD5-AD49-2889DA3849A7}.Debug|x64.Build.0 = Debug|Any CPU
		{3D3B02F3-79B6-4BD5-AD49-2889DA3849A7}.Debug|x86.ActiveCfg = Debug|Any CPU
		{3D3B02F3-79B6-4BD5-AD49-2889DA3849A7}.Debug|x86.Build.0 = Debug|Any CPU
		{3D3B02F3-79B6-4BD5-AD49-2889DA3849A7}.Release|Any CPU.ActiveCfg = Release|Any CPU
		{3D3B02F3-79B6-4BD5-AD49-2889DA3849A7}.Release|Any CPU.Build.0 = Release|Any CPU
		{3D3B02F3-79B6-4BD5-AD49-2889DA3849A7}.Release|x64.ActiveCfg = Release|Any CPU
		{3D3B02F3-79B6-4BD5-AD49-2889DA3849A7}.Release|x64.Build.0 = Release|Any CPU
		{3D3B02F3-79B6-4BD5-AD49-2889DA3849A7}.Release|x86.ActiveCfg = Release|Any CPU
		{3D3B02F3-79B6-4BD5-AD49-2889DA3849A7}.Release|x86.Build.0 = Release|Any CPU
		{FED9D707-E5C3-4867-87B0-FABDB5EB0823}.Debug|Any CPU.ActiveCfg = Debug|Any CPU
		{FED9D707-E5C3-4867-87B0-FABDB5EB0823}.Debug|Any CPU.Build.0 = Debug|Any CPU
		{FED9D707-E5C3-4867-87B0-FABDB5EB0823}.Debug|x64.ActiveCfg = Debug|Any CPU
		{FED9D707-E5C3-4867-87B0-FABDB5EB0823}.Debug|x64.Build.0 = Debug|Any CPU
		{FED9D707-E5C3-4867-87B0-FABDB5EB0823}.Debug|x86.ActiveCfg = Debug|Any CPU
		{FED9D707-E5C3-4867-87B0-FABDB5EB0823}.Debug|x86.Build.0 = Debug|Any CPU
		{FED9D707-E5C3-4867-87B0-FABDB5EB0823}.Release|Any CPU.ActiveCfg = Release|Any CPU
		{FED9D707-E5C3-4867-87B0-FABDB5EB0823}.Release|Any CPU.Build.0 = Release|Any CPU
		{FED9D707-E5C3-4867-87B0-FABDB5EB0823}.Release|x64.ActiveCfg = Release|Any CPU
		{FED9D707-E5C3-4867-87B0-FABDB5EB0823}.Release|x64.Build.0 = Release|Any CPU
		{FED9D707-E5C3-4867-87B0-FABDB5EB0823}.Release|x86.ActiveCfg = Release|Any CPU
		{FED9D707-E5C3-4867-87B0-FABDB5EB0823}.Release|x86.Build.0 = Release|Any CPU
		{7C27518B-84AD-4679-8EF4-29DF552CF1AC}.Debug|Any CPU.ActiveCfg = Debug|Any CPU
		{7C27518B-84AD-4679-8EF4-29DF552CF1AC}.Debug|Any CPU.Build.0 = Debug|Any CPU
		{7C27518B-84AD-4679-8EF4-29DF552CF1AC}.Debug|x64.ActiveCfg = Debug|Any CPU
		{7C27518B-84AD-4679-8EF4-29DF552CF1AC}.Debug|x64.Build.0 = Debug|Any CPU
		{7C27518B-84AD-4679-8EF4-29DF552CF1AC}.Debug|x86.ActiveCfg = Debug|Any CPU
		{7C27518B-84AD-4679-8EF4-29DF552CF1AC}.Debug|x86.Build.0 = Debug|Any CPU
		{7C27518B-84AD-4679-8EF4-29DF552CF1AC}.Release|Any CPU.ActiveCfg = Release|Any CPU
		{7C27518B-84AD-4679-8EF4-29DF552CF1AC}.Release|Any CPU.Build.0 = Release|Any CPU
		{7C27518B-84AD-4679-8EF4-29DF552CF1AC}.Release|x64.ActiveCfg = Release|Any CPU
		{7C27518B-84AD-4679-8EF4-29DF552CF1AC}.Release|x64.Build.0 = Release|Any CPU
		{7C27518B-84AD-4679-8EF4-29DF552CF1AC}.Release|x86.ActiveCfg = Release|Any CPU
		{7C27518B-84AD-4679-8EF4-29DF552CF1AC}.Release|x86.Build.0 = Release|Any CPU
	EndGlobalSection
	GlobalSection(SolutionProperties) = preSolution
		HideSolutionNode = FALSE
	EndGlobalSection
	GlobalSection(ExtensibilityGlobals) = postSolution
		SolutionGuid = {74DE2EED-ECAA-4FDD-9792-9D3B0C0C1321}
	EndGlobalSection
EndGlobal
