
Microsoft Visual Studio Solution File, Format Version 12.00
# Visual Studio 15
VisualStudioVersion = 15.0.26124.0
MinimumVisualStudioVersion = 15.0.26124.0
Project("{9A19103F-16F7-4668-BE54-9A1E7A4F7556}") = "WixToolset.Converters", "WixToolset.Converters\WixToolset.Converters.csproj", "{6FAF6385-6598-4B89-972B-C31AFCA14538}"
EndProject
Project("{9A19103F-16F7-4668-BE54-9A1E7A4F7556}") = "WixToolset.Converters.Symbolizer", "WixToolset.Converters.Symbolizer\WixToolset.Converters.Symbolizer.csproj", "{F051BCAF-698C-41D5-8427-164537CE5C5C}"
EndProject
Project("{2150E333-8FDC-42A3-9474-1A3956D46DE8}") = "Test", "Test", "{1B16A6C1-2B5D-4F9A-9DD5-FBC89B3CE31E}"
EndProject
Project("{9A19103F-16F7-4668-BE54-9A1E7A4F7556}") = "WixToolsetTest.Converters", "test\WixToolsetTest.Converters\WixToolsetTest.Converters.csproj", "{485C5038-97E1-4729-A54D-848CC69569FD}"
EndProject
Project("{9A19103F-16F7-4668-BE54-9A1E7A4F7556}") = "WixToolsetTest.Converters.Symbolizer", "test\WixToolsetTest.Converters.Symbolizer\WixToolsetTest.Converters.Symbolizer.csproj", "{9DB36DB1-24A1-47A7-9E57-D48A2E33C13C}"
EndProject
Global
	GlobalSection(SolutionConfigurationPlatforms) = preSolution
		Debug|Any CPU = Debug|Any CPU
		Debug|x64 = Debug|x64
		Debug|x86 = Debug|x86
		Release|Any CPU = Release|Any CPU
		Release|x64 = Release|x64
		Release|x86 = Release|x86
	EndGlobalSection
	GlobalSection(ProjectConfigurationPlatforms) = postSolution
		{F051BCAF-698C-41D5-8427-164537CE5C5C}.Debug|Any CPU.ActiveCfg = Debug|Any CPU
		{F051BCAF-698C-41D5-8427-164537CE5C5C}.Debug|Any CPU.Build.0 = Debug|Any CPU
		{F051BCAF-698C-41D5-8427-164537CE5C5C}.Debug|x64.ActiveCfg = Debug|Any CPU
		{F051BCAF-698C-41D5-8427-164537CE5C5C}.Debug|x64.Build.0 = Debug|Any CPU
		{F051BCAF-698C-41D5-8427-164537CE5C5C}.Debug|x86.ActiveCfg = Debug|Any CPU
		{F051BCAF-698C-41D5-8427-164537CE5C5C}.Debug|x86.Build.0 = Debug|Any CPU
		{F051BCAF-698C-41D5-8427-164537CE5C5C}.Release|Any CPU.ActiveCfg = Release|Any CPU
		{F051BCAF-698C-41D5-8427-164537CE5C5C}.Release|Any CPU.Build.0 = Release|Any CPU
		{F051BCAF-698C-41D5-8427-164537CE5C5C}.Release|x64.ActiveCfg = Release|Any CPU
		{F051BCAF-698C-41D5-8427-164537CE5C5C}.Release|x64.Build.0 = Release|Any CPU
		{F051BCAF-698C-41D5-8427-164537CE5C5C}.Release|x86.ActiveCfg = Release|Any CPU
		{F051BCAF-698C-41D5-8427-164537CE5C5C}.Release|x86.Build.0 = Release|Any CPU
		{9DB36DB1-24A1-47A7-9E57-D48A2E33C13C}.Debug|Any CPU.ActiveCfg = Debug|Any CPU
		{9DB36DB1-24A1-47A7-9E57-D48A2E33C13C}.Debug|Any CPU.Build.0 = Debug|Any CPU
		{9DB36DB1-24A1-47A7-9E57-D48A2E33C13C}.Debug|x64.ActiveCfg = Debug|Any CPU
		{9DB36DB1-24A1-47A7-9E57-D48A2E33C13C}.Debug|x64.Build.0 = Debug|Any CPU
		{9DB36DB1-24A1-47A7-9E57-D48A2E33C13C}.Debug|x86.ActiveCfg = Debug|Any CPU
		{9DB36DB1-24A1-47A7-9E57-D48A2E33C13C}.Debug|x86.Build.0 = Debug|Any CPU
		{9DB36DB1-24A1-47A7-9E57-D48A2E33C13C}.Release|Any CPU.ActiveCfg = Release|Any CPU
		{9DB36DB1-24A1-47A7-9E57-D48A2E33C13C}.Release|Any CPU.Build.0 = Release|Any CPU
		{9DB36DB1-24A1-47A7-9E57-D48A2E33C13C}.Release|x64.ActiveCfg = Release|Any CPU
		{9DB36DB1-24A1-47A7-9E57-D48A2E33C13C}.Release|x64.Build.0 = Release|Any CPU
		{9DB36DB1-24A1-47A7-9E57-D48A2E33C13C}.Release|x86.ActiveCfg = Release|Any CPU
		{9DB36DB1-24A1-47A7-9E57-D48A2E33C13C}.Release|x86.Build.0 = Release|Any CPU
		{6FAF6385-6598-4B89-972B-C31AFCA14538}.Debug|Any CPU.ActiveCfg = Debug|Any CPU
		{6FAF6385-6598-4B89-972B-C31AFCA14538}.Debug|Any CPU.Build.0 = Debug|Any CPU
		{6FAF6385-6598-4B89-972B-C31AFCA14538}.Debug|x64.ActiveCfg = Debug|Any CPU
		{6FAF6385-6598-4B89-972B-C31AFCA14538}.Debug|x64.Build.0 = Debug|Any CPU
		{6FAF6385-6598-4B89-972B-C31AFCA14538}.Debug|x86.ActiveCfg = Debug|Any CPU
		{6FAF6385-6598-4B89-972B-C31AFCA14538}.Debug|x86.Build.0 = Debug|Any CPU
		{6FAF6385-6598-4B89-972B-C31AFCA14538}.Release|Any CPU.ActiveCfg = Release|Any CPU
		{6FAF6385-6598-4B89-972B-C31AFCA14538}.Release|Any CPU.Build.0 = Release|Any CPU
		{6FAF6385-6598-4B89-972B-C31AFCA14538}.Release|x64.ActiveCfg = Release|Any CPU
		{6FAF6385-6598-4B89-972B-C31AFCA14538}.Release|x64.Build.0 = Release|Any CPU
		{6FAF6385-6598-4B89-972B-C31AFCA14538}.Release|x86.ActiveCfg = Release|Any CPU
		{6FAF6385-6598-4B89-972B-C31AFCA14538}.Release|x86.Build.0 = Release|Any CPU
		{485C5038-97E1-4729-A54D-848CC69569FD}.Debug|Any CPU.ActiveCfg = Debug|Any CPU
		{485C5038-97E1-4729-A54D-848CC69569FD}.Debug|Any CPU.Build.0 = Debug|Any CPU
		{485C5038-97E1-4729-A54D-848CC69569FD}.Debug|x64.ActiveCfg = Debug|Any CPU
		{485C5038-97E1-4729-A54D-848CC69569FD}.Debug|x64.Build.0 = Debug|Any CPU
		{485C5038-97E1-4729-A54D-848CC69569FD}.Debug|x86.ActiveCfg = Debug|Any CPU
		{485C5038-97E1-4729-A54D-848CC69569FD}.Debug|x86.Build.0 = Debug|Any CPU
		{485C5038-97E1-4729-A54D-848CC69569FD}.Release|Any CPU.ActiveCfg = Release|Any CPU
		{485C5038-97E1-4729-A54D-848CC69569FD}.Release|Any CPU.Build.0 = Release|Any CPU
		{485C5038-97E1-4729-A54D-848CC69569FD}.Release|x64.ActiveCfg = Release|Any CPU
		{485C5038-97E1-4729-A54D-848CC69569FD}.Release|x64.Build.0 = Release|Any CPU
		{485C5038-97E1-4729-A54D-848CC69569FD}.Release|x86.ActiveCfg = Release|Any CPU
		{485C5038-97E1-4729-A54D-848CC69569FD}.Release|x86.Build.0 = Release|Any CPU
	EndGlobalSection
	GlobalSection(SolutionProperties) = preSolution
		HideSolutionNode = FALSE
	EndGlobalSection
	GlobalSection(NestedProjects) = preSolution
		{9DB36DB1-24A1-47A7-9E57-D48A2E33C13C} = {1B16A6C1-2B5D-4F9A-9DD5-FBC89B3CE31E}
		{485C5038-97E1-4729-A54D-848CC69569FD} = {1B16A6C1-2B5D-4F9A-9DD5-FBC89B3CE31E}
	EndGlobalSection
	GlobalSection(ExtensibilityGlobals) = postSolution
		SolutionGuid = {2E71F0EC-CF75-44DA-8353-7066EBD06564}
	EndGlobalSection
EndGlobal
