
Microsoft Visual Studio Solution File, Format Version 12.00
# Visual Studio Version 16
VisualStudioVersion = 16.0.30611.23
MinimumVisualStudioVersion = 10.0.40219.1
Project("{8BC9CEB8-8B4A-11D0-8D11-00A0C91BC942}") = "complusca", "ca\complusca.vcxproj", "{BDEF51ED-E242-4FA2-801A-01B127DF851A}"
EndProject
Project("{930C7802-8A8C-48F9-8165-68863BCCD9DD}") = "complus", "wixlib\complus.wixproj", "{E191E61E-E098-4F71-888F-51A79F952022}"
	ProjectSection(ProjectDependencies) = postProject
		{BDEF51ED-E242-4FA2-801A-01B127DF851A} = {BDEF51ED-E242-4FA2-801A-01B127DF851A}
	EndProjectSection
EndProject
Project("{9A19103F-16F7-4668-BE54-9A1E7A4F7556}") = "WixToolset.ComPlus.wixext", "wixext\WixToolset.ComPlus.wixext.csproj", "{1497B777-330B-4CFE-927A-22850CD24D64}"
EndProject
Project("{9A19103F-16F7-4668-BE54-9A1E7A4F7556}") = "WixToolsetTest.ComPlus", "test\WixToolsetTest.ComPlus\WixToolsetTest.ComPlus.csproj", "{2FC5F039-EACF-428B-BA87-8CDE1D25E121}"
EndProject
Global
	GlobalSection(SolutionConfigurationPlatforms) = preSolution
		Debug|Any CPU = Debug|Any CPU
		Debug|x86 = Debug|x86
		Release|Any CPU = Release|Any CPU
		Release|x86 = Release|x86
	EndGlobalSection
	GlobalSection(ProjectConfigurationPlatforms) = postSolution
		{BDEF51ED-E242-4FA2-801A-01B127DF851A}.Debug|Any CPU.ActiveCfg = Debug|Win32
		{BDEF51ED-E242-4FA2-801A-01B127DF851A}.Debug|Any CPU.Build.0 = Debug|Win32
		{BDEF51ED-E242-4FA2-801A-01B127DF851A}.Debug|x86.ActiveCfg = Debug|Win32
		{BDEF51ED-E242-4FA2-801A-01B127DF851A}.Debug|x86.Build.0 = Debug|Win32
		{BDEF51ED-E242-4FA2-801A-01B127DF851A}.Release|Any CPU.ActiveCfg = Release|Win32
		{BDEF51ED-E242-4FA2-801A-01B127DF851A}.Release|Any CPU.Build.0 = Release|Win32
		{BDEF51ED-E242-4FA2-801A-01B127DF851A}.Release|x86.ActiveCfg = Release|Win32
		{BDEF51ED-E242-4FA2-801A-01B127DF851A}.Release|x86.Build.0 = Release|Win32
		{E191E61E-E098-4F71-888F-51A79F952022}.Debug|Any CPU.ActiveCfg = Debug|x86
		{E191E61E-E098-4F71-888F-51A79F952022}.Debug|Any CPU.Build.0 = Debug|x86
		{E191E61E-E098-4F71-888F-51A79F952022}.Debug|x86.ActiveCfg = Debug|x86
		{E191E61E-E098-4F71-888F-51A79F952022}.Debug|x86.Build.0 = Debug|x86
		{E191E61E-E098-4F71-888F-51A79F952022}.Release|Any CPU.ActiveCfg = Release|x86
		{E191E61E-E098-4F71-888F-51A79F952022}.Release|Any CPU.Build.0 = Release|x86
		{E191E61E-E098-4F71-888F-51A79F952022}.Release|x86.ActiveCfg = Release|x86
		{E191E61E-E098-4F71-888F-51A79F952022}.Release|x86.Build.0 = Release|x86
		{1497B777-330B-4CFE-927A-22850CD24D64}.Debug|Any CPU.ActiveCfg = Debug|Any CPU
		{1497B777-330B-4CFE-927A-22850CD24D64}.Debug|Any CPU.Build.0 = Debug|Any CPU
		{1497B777-330B-4CFE-927A-22850CD24D64}.Debug|x86.ActiveCfg = Debug|Any CPU
		{1497B777-330B-4CFE-927A-22850CD24D64}.Debug|x86.Build.0 = Debug|Any CPU
		{1497B777-330B-4CFE-927A-22850CD24D64}.Release|Any CPU.ActiveCfg = Release|Any CPU
		{1497B777-330B-4CFE-927A-22850CD24D64}.Release|Any CPU.Build.0 = Release|Any CPU
		{1497B777-330B-4CFE-927A-22850CD24D64}.Release|x86.ActiveCfg = Release|Any CPU
		{1497B777-330B-4CFE-927A-22850CD24D64}.Release|x86.Build.0 = Release|Any CPU
		{2FC5F039-EACF-428B-BA87-8CDE1D25E121}.Debug|Any CPU.ActiveCfg = Debug|Any CPU
		{2FC5F039-EACF-428B-BA87-8CDE1D25E121}.Debug|Any CPU.Build.0 = Debug|Any CPU
		{2FC5F039-EACF-428B-BA87-8CDE1D25E121}.Debug|x86.ActiveCfg = Debug|Any CPU
		{2FC5F039-EACF-428B-BA87-8CDE1D25E121}.Debug|x86.Build.0 = Debug|Any CPU
		{2FC5F039-EACF-428B-BA87-8CDE1D25E121}.Release|Any CPU.ActiveCfg = Release|Any CPU
		{2FC5F039-EACF-428B-BA87-8CDE1D25E121}.Release|Any CPU.Build.0 = Release|Any CPU
		{2FC5F039-EACF-428B-BA87-8CDE1D25E121}.Release|x86.ActiveCfg = Release|Any CPU
		{2FC5F039-EACF-428B-BA87-8CDE1D25E121}.Release|x86.Build.0 = Release|Any CPU
	EndGlobalSection
	GlobalSection(SolutionProperties) = preSolution
		HideSolutionNode = FALSE
	EndGlobalSection
	GlobalSection(ExtensibilityGlobals) = postSolution
		SolutionGuid = {3E1857C4-5EE1-4C9E-9390-9954E041546D}
	EndGlobalSection
EndGlobal
