<Solution>
  <Project Path="ThmViewerPackage/ThmViewerPackage.wixproj" Type="b7dd6f7e-def8-4e67-b5b7-07ef123db6f0" />
  <Project Path="wix-cli/wix-cli.wixproj" Type="b7dd6f7e-def8-4e67-b5b7-07ef123db6f0">
    <Platform Project="x64" />
  </Project>
  <Project Path="WixAdditionalTools/WixAdditionalTools.wixproj" Type="b7dd6f7e-def8-4e67-b5b7-07ef123db6f0" />
</Solution>
