
Microsoft Visual Studio Solution File, Format Version 12.00
# Visual Studio 15
VisualStudioVersion = 15.0.26730.8
MinimumVisualStudioVersion = 15.0.26124.0
Project("{FAE04EC0-301F-11D3-BF4B-00C04F79EFBC}") = "WixToolset.Dtf.Compression", "WixToolset.Dtf.Compression\WixToolset.Dtf.Compression.csproj", "{2D62850C-9F81-4BE9-BDF3-9379389C8F7B}"
EndProject
Project("{FAE04EC0-301F-11D3-BF4B-00C04F79EFBC}") = "WixToolset.Dtf.Compression.Cab", "WixToolset.Dtf.Compression.Cab\WixToolset.Dtf.Compression.Cab.csproj", "{15895FD1-DD68-407B-8717-08F6DD14F02C}"
EndProject
Project("{FAE04EC0-301F-11D3-BF4B-00C04F79EFBC}") = "WixToolset.Dtf.Compression.Zip", "WixToolset.Dtf.Compression.Zip\WixToolset.Dtf.Compression.Zip.csproj", "{261F2857-B521-42A4-A3E0-B5165F225E50}"
EndProject
Project("{FAE04EC0-301F-11D3-BF4B-00C04F79EFBC}") = "WixToolset.Dtf.Resources", "WixToolset.Dtf.Resources\WixToolset.Dtf.Resources.csproj", "{44931ECB-8D6F-4C12-A872-64E261B6A98E}"
EndProject
Project("{FAE04EC0-301F-11D3-BF4B-00C04F79EFBC}") = "WixToolset.Dtf.WindowsInstaller", "WixToolset.Dtf.WindowsInstaller\WixToolset.Dtf.WindowsInstaller.csproj", "{24121677-0ED0-41B5-833F-1B9A18E87BF4}"
EndProject
Project("{FAE04EC0-301F-11D3-BF4B-00C04F79EFBC}") = "WixToolset.Dtf.WindowsInstaller.Linq", "WixToolset.Dtf.WindowsInstaller.Linq\WixToolset.Dtf.WindowsInstaller.Linq.csproj", "{CD7A37D8-9D8C-41BD-B78F-DB5E0C299D2E}"
EndProject
Project("{FAE04EC0-301F-11D3-BF4B-00C04F79EFBC}") = "WixToolset.Dtf.WindowsInstaller.Package", "WixToolset.Dtf.WindowsInstaller.Package\WixToolset.Dtf.WindowsInstaller.Package.csproj", "{1A9940A7-3E29-4428-B753-C4CC66058F1A}"
EndProject
Project("{FAE04EC0-301F-11D3-BF4B-00C04F79EFBC}") = "WixToolsetTests.Dtf.Compression", "WixToolsetTests.Dtf.Compression\WixToolsetTests.Dtf.Compression.csproj", "{F045FFC1-05F9-4EA2-9F03-E1CBDB7BC4F9}"
EndProject
Project("{FAE04EC0-301F-11D3-BF4B-00C04F79EFBC}") = "WixToolsetTests.Dtf.Compression.Cab", "WixToolsetTests.Dtf.Compression.Cab\WixToolsetTests.Dtf.Compression.Cab.csproj", "{4544158C-2D63-4146-85FF-62169280144E}"
EndProject
Project("{FAE04EC0-301F-11D3-BF4B-00C04F79EFBC}") = "WixToolsetTests.Dtf.Compression.Zip", "WixToolsetTests.Dtf.Compression.Zip\WixToolsetTests.Dtf.Compression.Zip.csproj", "{328799BB-7B03-4B28-8180-4132211FD07D}"
EndProject
Project("{FAE04EC0-301F-11D3-BF4B-00C04F79EFBC}") = "WixToolsetTests.Dtf.WindowsInstaller", "WixToolsetTests.Dtf.WindowsInstaller\WixToolsetTests.Dtf.WindowsInstaller.csproj", "{16F5202F-9276-4166-975C-C9654BAF8012}"
EndProject
Project("{FAE04EC0-301F-11D3-BF4B-00C04F79EFBC}") = "WixToolsetTests.Dtf.WindowsInstaller.CustomActions", "WixToolsetTests.Dtf.WindowsInstaller.CustomActions\WixToolsetTests.Dtf.WindowsInstaller.CustomActions.csproj", "{137D376B-989F-4FEA-9A67-01D8D38CA0DE}"
EndProject
Project("{FAE04EC0-301F-11D3-BF4B-00C04F79EFBC}") = "WixToolsetTests.Dtf.WindowsInstaller.Linq", "WixToolsetTests.Dtf.WindowsInstaller.Linq\WixToolsetTests.Dtf.WindowsInstaller.Linq.csproj", "{4F55F9B8-D8B6-41EB-8796-221B4CD98324}"
EndProject
Global
	GlobalSection(SolutionConfigurationPlatforms) = preSolution
		Debug|Any CPU = Debug|Any CPU
		Debug|x64 = Debug|x64
		Debug|x86 = Debug|x86
		Release|Any CPU = Release|Any CPU
		Release|x64 = Release|x64
		Release|x86 = Release|x86
	EndGlobalSection
	GlobalSection(ProjectConfigurationPlatforms) = postSolution
		{2D62850C-9F81-4BE9-BDF3-9379389C8F7B}.Debug|Any CPU.ActiveCfg = Debug|Any CPU
		{2D62850C-9F81-4BE9-BDF3-9379389C8F7B}.Debug|Any CPU.Build.0 = Debug|Any CPU
		{2D62850C-9F81-4BE9-BDF3-9379389C8F7B}.Debug|x64.ActiveCfg = Debug|Any CPU
		{2D62850C-9F81-4BE9-BDF3-9379389C8F7B}.Debug|x64.Build.0 = Debug|Any CPU
		{2D62850C-9F81-4BE9-BDF3-9379389C8F7B}.Debug|x86.ActiveCfg = Debug|Any CPU
		{2D62850C-9F81-4BE9-BDF3-9379389C8F7B}.Debug|x86.Build.0 = Debug|Any CPU
		{2D62850C-9F81-4BE9-BDF3-9379389C8F7B}.Release|Any CPU.ActiveCfg = Release|Any CPU
		{2D62850C-9F81-4BE9-BDF3-9379389C8F7B}.Release|Any CPU.Build.0 = Release|Any CPU
		{2D62850C-9F81-4BE9-BDF3-9379389C8F7B}.Release|x64.ActiveCfg = Release|Any CPU
		{2D62850C-9F81-4BE9-BDF3-9379389C8F7B}.Release|x64.Build.0 = Release|Any CPU
		{2D62850C-9F81-4BE9-BDF3-9379389C8F7B}.Release|x86.ActiveCfg = Release|Any CPU
		{2D62850C-9F81-4BE9-BDF3-9379389C8F7B}.Release|x86.Build.0 = Release|Any CPU
		{15895FD1-DD68-407B-8717-08F6DD14F02C}.Debug|Any CPU.ActiveCfg = Debug|Any CPU
		{15895FD1-DD68-407B-8717-08F6DD14F02C}.Debug|Any CPU.Build.0 = Debug|Any CPU
		{15895FD1-DD68-407B-8717-08F6DD14F02C}.Debug|x64.ActiveCfg = Debug|Any CPU
		{15895FD1-DD68-407B-8717-08F6DD14F02C}.Debug|x64.Build.0 = Debug|Any CPU
		{15895FD1-DD68-407B-8717-08F6DD14F02C}.Debug|x86.ActiveCfg = Debug|Any CPU
		{15895FD1-DD68-407B-8717-08F6DD14F02C}.Debug|x86.Build.0 = Debug|Any CPU
		{15895FD1-DD68-407B-8717-08F6DD14F02C}.Release|Any CPU.ActiveCfg = Release|Any CPU
		{15895FD1-DD68-407B-8717-08F6DD14F02C}.Release|Any CPU.Build.0 = Release|Any CPU
		{15895FD1-DD68-407B-8717-08F6DD14F02C}.Release|x64.ActiveCfg = Release|Any CPU
		{15895FD1-DD68-407B-8717-08F6DD14F02C}.Release|x64.Build.0 = Release|Any CPU
		{15895FD1-DD68-407B-8717-08F6DD14F02C}.Release|x86.ActiveCfg = Release|Any CPU
		{15895FD1-DD68-407B-8717-08F6DD14F02C}.Release|x86.Build.0 = Release|Any CPU
		{261F2857-B521-42A4-A3E0-B5165F225E50}.Debug|Any CPU.ActiveCfg = Debug|Any CPU
		{261F2857-B521-42A4-A3E0-B5165F225E50}.Debug|Any CPU.Build.0 = Debug|Any CPU
		{261F2857-B521-42A4-A3E0-B5165F225E50}.Debug|x64.ActiveCfg = Debug|Any CPU
		{261F2857-B521-42A4-A3E0-B5165F225E50}.Debug|x64.Build.0 = Debug|Any CPU
		{261F2857-B521-42A4-A3E0-B5165F225E50}.Debug|x86.ActiveCfg = Debug|Any CPU
		{261F2857-B521-42A4-A3E0-B5165F225E50}.Debug|x86.Build.0 = Debug|Any CPU
		{261F2857-B521-42A4-A3E0-B5165F225E50}.Release|Any CPU.ActiveCfg = Release|Any CPU
		{261F2857-B521-42A4-A3E0-B5165F225E50}.Release|Any CPU.Build.0 = Release|Any CPU
		{261F2857-B521-42A4-A3E0-B5165F225E50}.Release|x64.ActiveCfg = Release|Any CPU
		{261F2857-B521-42A4-A3E0-B5165F225E50}.Release|x64.Build.0 = Release|Any CPU
		{261F2857-B521-42A4-A3E0-B5165F225E50}.Release|x86.ActiveCfg = Release|Any CPU
		{261F2857-B521-42A4-A3E0-B5165F225E50}.Release|x86.Build.0 = Release|Any CPU
		{44931ECB-8D6F-4C12-A872-64E261B6A98E}.Debug|Any CPU.ActiveCfg = Debug|Any CPU
		{44931ECB-8D6F-4C12-A872-64E261B6A98E}.Debug|Any CPU.Build.0 = Debug|Any CPU
		{44931ECB-8D6F-4C12-A872-64E261B6A98E}.Debug|x64.ActiveCfg = Debug|Any CPU
		{44931ECB-8D6F-4C12-A872-64E261B6A98E}.Debug|x64.Build.0 = Debug|Any CPU
		{44931ECB-8D6F-4C12-A872-64E261B6A98E}.Debug|x86.ActiveCfg = Debug|Any CPU
		{44931ECB-8D6F-4C12-A872-64E261B6A98E}.Debug|x86.Build.0 = Debug|Any CPU
		{44931ECB-8D6F-4C12-A872-64E261B6A98E}.Release|Any CPU.ActiveCfg = Release|Any CPU
		{44931ECB-8D6F-4C12-A872-64E261B6A98E}.Release|Any CPU.Build.0 = Release|Any CPU
		{44931ECB-8D6F-4C12-A872-64E261B6A98E}.Release|x64.ActiveCfg = Release|Any CPU
		{44931ECB-8D6F-4C12-A872-64E261B6A98E}.Release|x64.Build.0 = Release|Any CPU
		{44931ECB-8D6F-4C12-A872-64E261B6A98E}.Release|x86.ActiveCfg = Release|Any CPU
		{44931ECB-8D6F-4C12-A872-64E261B6A98E}.Release|x86.Build.0 = Release|Any CPU
		{24121677-0ED0-41B5-833F-1B9A18E87BF4}.Debug|Any CPU.ActiveCfg = Debug|Any CPU
		{24121677-0ED0-41B5-833F-1B9A18E87BF4}.Debug|Any CPU.Build.0 = Debug|Any CPU
		{24121677-0ED0-41B5-833F-1B9A18E87BF4}.Debug|x64.ActiveCfg = Debug|Any CPU
		{24121677-0ED0-41B5-833F-1B9A18E87BF4}.Debug|x64.Build.0 = Debug|Any CPU
		{24121677-0ED0-41B5-833F-1B9A18E87BF4}.Debug|x86.ActiveCfg = Debug|Any CPU
		{24121677-0ED0-41B5-833F-1B9A18E87BF4}.Debug|x86.Build.0 = Debug|Any CPU
		{24121677-0ED0-41B5-833F-1B9A18E87BF4}.Release|Any CPU.ActiveCfg = Release|Any CPU
		{24121677-0ED0-41B5-833F-1B9A18E87BF4}.Release|Any CPU.Build.0 = Release|Any CPU
		{24121677-0ED0-41B5-833F-1B9A18E87BF4}.Release|x64.ActiveCfg = Release|Any CPU
		{24121677-0ED0-41B5-833F-1B9A18E87BF4}.Release|x64.Build.0 = Release|Any CPU
		{24121677-0ED0-41B5-833F-1B9A18E87BF4}.Release|x86.ActiveCfg = Release|Any CPU
		{24121677-0ED0-41B5-833F-1B9A18E87BF4}.Release|x86.Build.0 = Release|Any CPU
		{CD7A37D8-9D8C-41BD-B78F-DB5E0C299D2E}.Debug|Any CPU.ActiveCfg = Debug|Any CPU
		{CD7A37D8-9D8C-41BD-B78F-DB5E0C299D2E}.Debug|Any CPU.Build.0 = Debug|Any CPU
		{CD7A37D8-9D8C-41BD-B78F-DB5E0C299D2E}.Debug|x64.ActiveCfg = Debug|Any CPU
		{CD7A37D8-9D8C-41BD-B78F-DB5E0C299D2E}.Debug|x64.Build.0 = Debug|Any CPU
		{CD7A37D8-9D8C-41BD-B78F-DB5E0C299D2E}.Debug|x86.ActiveCfg = Debug|Any CPU
		{CD7A37D8-9D8C-41BD-B78F-DB5E0C299D2E}.Debug|x86.Build.0 = Debug|Any CPU
		{CD7A37D8-9D8C-41BD-B78F-DB5E0C299D2E}.Release|Any CPU.ActiveCfg = Release|Any CPU
		{CD7A37D8-9D8C-41BD-B78F-DB5E0C299D2E}.Release|Any CPU.Build.0 = Release|Any CPU
		{CD7A37D8-9D8C-41BD-B78F-DB5E0C299D2E}.Release|x64.ActiveCfg = Release|Any CPU
		{CD7A37D8-9D8C-41BD-B78F-DB5E0C299D2E}.Release|x64.Build.0 = Release|Any CPU
		{CD7A37D8-9D8C-41BD-B78F-DB5E0C299D2E}.Release|x86.ActiveCfg = Release|Any CPU
		{CD7A37D8-9D8C-41BD-B78F-DB5E0C299D2E}.Release|x86.Build.0 = Release|Any CPU
		{1A9940A7-3E29-4428-B753-C4CC66058F1A}.Debug|Any CPU.ActiveCfg = Debug|Any CPU
		{1A9940A7-3E29-4428-B753-C4CC66058F1A}.Debug|Any CPU.Build.0 = Debug|Any CPU
		{1A9940A7-3E29-4428-B753-C4CC66058F1A}.Debug|x64.ActiveCfg = Debug|Any CPU
		{1A9940A7-3E29-4428-B753-C4CC66058F1A}.Debug|x64.Build.0 = Debug|Any CPU
		{1A9940A7-3E29-4428-B753-C4CC66058F1A}.Debug|x86.ActiveCfg = Debug|Any CPU
		{1A9940A7-3E29-4428-B753-C4CC66058F1A}.Debug|x86.Build.0 = Debug|Any CPU
		{1A9940A7-3E29-4428-B753-C4CC66058F1A}.Release|Any CPU.ActiveCfg = Release|Any CPU
		{1A9940A7-3E29-4428-B753-C4CC66058F1A}.Release|Any CPU.Build.0 = Release|Any CPU
		{1A9940A7-3E29-4428-B753-C4CC66058F1A}.Release|x64.ActiveCfg = Release|Any CPU
		{1A9940A7-3E29-4428-B753-C4CC66058F1A}.Release|x64.Build.0 = Release|Any CPU
		{1A9940A7-3E29-4428-B753-C4CC66058F1A}.Release|x86.ActiveCfg = Release|Any CPU
		{1A9940A7-3E29-4428-B753-C4CC66058F1A}.Release|x86.Build.0 = Release|Any CPU
		{F045FFC1-05F9-4EA2-9F03-E1CBDB7BC4F9}.Debug|Any CPU.ActiveCfg = Debug|Any CPU
		{F045FFC1-05F9-4EA2-9F03-E1CBDB7BC4F9}.Debug|Any CPU.Build.0 = Debug|Any CPU
		{F045FFC1-05F9-4EA2-9F03-E1CBDB7BC4F9}.Debug|x64.ActiveCfg = Debug|Any CPU
		{F045FFC1-05F9-4EA2-9F03-E1CBDB7BC4F9}.Debug|x64.Build.0 = Debug|Any CPU
		{F045FFC1-05F9-4EA2-9F03-E1CBDB7BC4F9}.Debug|x86.ActiveCfg = Debug|Any CPU
		{F045FFC1-05F9-4EA2-9F03-E1CBDB7BC4F9}.Debug|x86.Build.0 = Debug|Any CPU
		{F045FFC1-05F9-4EA2-9F03-E1CBDB7BC4F9}.Release|Any CPU.ActiveCfg = Release|Any CPU
		{F045FFC1-05F9-4EA2-9F03-E1CBDB7BC4F9}.Release|Any CPU.Build.0 = Release|Any CPU
		{F045FFC1-05F9-4EA2-9F03-E1CBDB7BC4F9}.Release|x64.ActiveCfg = Release|Any CPU
		{F045FFC1-05F9-4EA2-9F03-E1CBDB7BC4F9}.Release|x64.Build.0 = Release|Any CPU
		{F045FFC1-05F9-4EA2-9F03-E1CBDB7BC4F9}.Release|x86.ActiveCfg = Release|Any CPU
		{F045FFC1-05F9-4EA2-9F03-E1CBDB7BC4F9}.Release|x86.Build.0 = Release|Any CPU
		{4544158C-2D63-4146-85FF-62169280144E}.Debug|Any CPU.ActiveCfg = Debug|Any CPU
		{4544158C-2D63-4146-85FF-62169280144E}.Debug|Any CPU.Build.0 = Debug|Any CPU
		{4544158C-2D63-4146-85FF-62169280144E}.Debug|x64.ActiveCfg = Debug|Any CPU
		{4544158C-2D63-4146-85FF-62169280144E}.Debug|x64.Build.0 = Debug|Any CPU
		{4544158C-2D63-4146-85FF-62169280144E}.Debug|x86.ActiveCfg = Debug|Any CPU
		{4544158C-2D63-4146-85FF-62169280144E}.Debug|x86.Build.0 = Debug|Any CPU
		{4544158C-2D63-4146-85FF-62169280144E}.Release|Any CPU.ActiveCfg = Release|Any CPU
		{4544158C-2D63-4146-85FF-62169280144E}.Release|Any CPU.Build.0 = Release|Any CPU
		{4544158C-2D63-4146-85FF-62169280144E}.Release|x64.ActiveCfg = Release|Any CPU
		{4544158C-2D63-4146-85FF-62169280144E}.Release|x64.Build.0 = Release|Any CPU
		{4544158C-2D63-4146-85FF-62169280144E}.Release|x86.ActiveCfg = Release|Any CPU
		{4544158C-2D63-4146-85FF-62169280144E}.Release|x86.Build.0 = Release|Any CPU
		{328799BB-7B03-4B28-8180-4132211FD07D}.Debug|Any CPU.ActiveCfg = Debug|Any CPU
		{328799BB-7B03-4B28-8180-4132211FD07D}.Debug|Any CPU.Build.0 = Debug|Any CPU
		{328799BB-7B03-4B28-8180-4132211FD07D}.Debug|x64.ActiveCfg = Debug|Any CPU
		{328799BB-7B03-4B28-8180-4132211FD07D}.Debug|x64.Build.0 = Debug|Any CPU
		{328799BB-7B03-4B28-8180-4132211FD07D}.Debug|x86.ActiveCfg = Debug|Any CPU
		{328799BB-7B03-4B28-8180-4132211FD07D}.Debug|x86.Build.0 = Debug|Any CPU
		{328799BB-7B03-4B28-8180-4132211FD07D}.Release|Any CPU.ActiveCfg = Release|Any CPU
		{328799BB-7B03-4B28-8180-4132211FD07D}.Release|Any CPU.Build.0 = Release|Any CPU
		{328799BB-7B03-4B28-8180-4132211FD07D}.Release|x64.ActiveCfg = Release|Any CPU
		{328799BB-7B03-4B28-8180-4132211FD07D}.Release|x64.Build.0 = Release|Any CPU
		{328799BB-7B03-4B28-8180-4132211FD07D}.Release|x86.ActiveCfg = Release|Any CPU
		{328799BB-7B03-4B28-8180-4132211FD07D}.Release|x86.Build.0 = Release|Any CPU
		{16F5202F-9276-4166-975C-C9654BAF8012}.Debug|Any CPU.ActiveCfg = Debug|Any CPU
		{16F5202F-9276-4166-975C-C9654BAF8012}.Debug|Any CPU.Build.0 = Debug|Any CPU
		{16F5202F-9276-4166-975C-C9654BAF8012}.Debug|x64.ActiveCfg = Debug|Any CPU
		{16F5202F-9276-4166-975C-C9654BAF8012}.Debug|x64.Build.0 = Debug|Any CPU
		{16F5202F-9276-4166-975C-C9654BAF8012}.Debug|x86.ActiveCfg = Debug|Any CPU
		{16F5202F-9276-4166-975C-C9654BAF8012}.Debug|x86.Build.0 = Debug|Any CPU
		{16F5202F-9276-4166-975C-C9654BAF8012}.Release|Any CPU.ActiveCfg = Release|Any CPU
		{16F5202F-9276-4166-975C-C9654BAF8012}.Release|Any CPU.Build.0 = Release|Any CPU
		{16F5202F-9276-4166-975C-C9654BAF8012}.Release|x64.ActiveCfg = Release|Any CPU
		{16F5202F-9276-4166-975C-C9654BAF8012}.Release|x64.Build.0 = Release|Any CPU
		{16F5202F-9276-4166-975C-C9654BAF8012}.Release|x86.ActiveCfg = Release|Any CPU
		{16F5202F-9276-4166-975C-C9654BAF8012}.Release|x86.Build.0 = Release|Any CPU
		{137D376B-989F-4FEA-9A67-01D8D38CA0DE}.Debug|Any CPU.ActiveCfg = Debug|Any CPU
		{137D376B-989F-4FEA-9A67-01D8D38CA0DE}.Debug|Any CPU.Build.0 = Debug|Any CPU
		{137D376B-989F-4FEA-9A67-01D8D38CA0DE}.Debug|x64.ActiveCfg = Debug|Any CPU
		{137D376B-989F-4FEA-9A67-01D8D38CA0DE}.Debug|x64.Build.0 = Debug|Any CPU
		{137D376B-989F-4FEA-9A67-01D8D38CA0DE}.Debug|x86.ActiveCfg = Debug|Any CPU
		{137D376B-989F-4FEA-9A67-01D8D38CA0DE}.Debug|x86.Build.0 = Debug|Any CPU
		{137D376B-989F-4FEA-9A67-01D8D38CA0DE}.Release|Any CPU.ActiveCfg = Release|Any CPU
		{137D376B-989F-4FEA-9A67-01D8D38CA0DE}.Release|Any CPU.Build.0 = Release|Any CPU
		{137D376B-989F-4FEA-9A67-01D8D38CA0DE}.Release|x64.ActiveCfg = Release|Any CPU
		{137D376B-989F-4FEA-9A67-01D8D38CA0DE}.Release|x64.Build.0 = Release|Any CPU
		{137D376B-989F-4FEA-9A67-01D8D38CA0DE}.Release|x86.ActiveCfg = Release|Any CPU
		{137D376B-989F-4FEA-9A67-01D8D38CA0DE}.Release|x86.Build.0 = Release|Any CPU
		{4F55F9B8-D8B6-41EB-8796-221B4CD98324}.Debug|Any CPU.ActiveCfg = Debug|Any CPU
		{4F55F9B8-D8B6-41EB-8796-221B4CD98324}.Debug|Any CPU.Build.0 = Debug|Any CPU
		{4F55F9B8-D8B6-41EB-8796-221B4CD98324}.Debug|x64.ActiveCfg = Debug|Any CPU
		{4F55F9B8-D8B6-41EB-8796-221B4CD98324}.Debug|x64.Build.0 = Debug|Any CPU
		{4F55F9B8-D8B6-41EB-8796-221B4CD98324}.Debug|x86.ActiveCfg = Debug|Any CPU
		{4F55F9B8-D8B6-41EB-8796-221B4CD98324}.Debug|x86.Build.0 = Debug|Any CPU
		{4F55F9B8-D8B6-41EB-8796-221B4CD98324}.Release|Any CPU.ActiveCfg = Release|Any CPU
		{4F55F9B8-D8B6-41EB-8796-221B4CD98324}.Release|Any CPU.Build.0 = Release|Any CPU
		{4F55F9B8-D8B6-41EB-8796-221B4CD98324}.Release|x64.ActiveCfg = Release|Any CPU
		{4F55F9B8-D8B6-41EB-8796-221B4CD98324}.Release|x64.Build.0 = Release|Any CPU
		{4F55F9B8-D8B6-41EB-8796-221B4CD98324}.Release|x86.ActiveCfg = Release|Any CPU
		{4F55F9B8-D8B6-41EB-8796-221B4CD98324}.Release|x86.Build.0 = Release|Any CPU
		{E7A00377-A0B5-400F-8337-C0814AAC7153}.Debug|Any CPU.ActiveCfg = Debug|Any CPU
		{E7A00377-A0B5-400F-8337-C0814AAC7153}.Debug|Any CPU.Build.0 = Debug|Any CPU
		{E7A00377-A0B5-400F-8337-C0814AAC7153}.Debug|x64.ActiveCfg = Debug|Any CPU
		{E7A00377-A0B5-400F-8337-C0814AAC7153}.Debug|x64.Build.0 = Debug|Any CPU
		{E7A00377-A0B5-400F-8337-C0814AAC7153}.Debug|x86.ActiveCfg = Debug|Any CPU
		{E7A00377-A0B5-400F-8337-C0814AAC7153}.Debug|x86.Build.0 = Debug|Any CPU
		{E7A00377-A0B5-400F-8337-C0814AAC7153}.Release|Any CPU.ActiveCfg = Release|Any CPU
		{E7A00377-A0B5-400F-8337-C0814AAC7153}.Release|Any CPU.Build.0 = Release|Any CPU
		{E7A00377-A0B5-400F-8337-C0814AAC7153}.Release|x64.ActiveCfg = Release|Any CPU
		{E7A00377-A0B5-400F-8337-C0814AAC7153}.Release|x64.Build.0 = Release|Any CPU
		{E7A00377-A0B5-400F-8337-C0814AAC7153}.Release|x86.ActiveCfg = Release|Any CPU
		{E7A00377-A0B5-400F-8337-C0814AAC7153}.Release|x86.Build.0 = Release|Any CPU
	EndGlobalSection
	GlobalSection(SolutionProperties) = preSolution
		HideSolutionNode = FALSE
	EndGlobalSection
	GlobalSection(NestedProjects) = preSolution
	EndGlobalSection
	GlobalSection(ExtensibilityGlobals) = postSolution
		SolutionGuid = {BB57C98D-C0C2-4805-AED3-C19B47759DBD}
	EndGlobalSection
EndGlobal
