
Microsoft Visual Studio Solution File, Format Version 12.00
# Visual Studio Version 16
VisualStudioVersion = 16.6.30114.105
MinimumVisualStudioVersion = 10.0.40219.1
Project("{8BC9CEB8-8B4A-11D0-8D11-00A0C91BC942}") = "dutil", "dutil\WixToolset.DUtil\dutil.vcxproj", "{1244E671-F108-4334-BA52-8A7517F26ECD}"
EndProject
Project("{8BC9CEB8-8B4A-11D0-8D11-00A0C91BC942}") = "DUtilUnitTest", "dutil\test\DUtilUnitTest\DUtilUnitTest.vcxproj", "{AB7EE608-E5FB-42A5-831F-0DEEEA141223}"
EndProject
Project("{8BC9CEB8-8B4A-11D0-8D11-00A0C91BC942}") = "wcautil", "wcautil\WixToolset.WcaUtil\wcautil.vcxproj", "{5B3714B6-3A76-463E-8595-D48DA276C512}"
EndProject
Global
	GlobalSection(SolutionConfigurationPlatforms) = preSolution
		Debug|Any CPU = Debug|Any CPU
		Debug|ARM64 = Debug|ARM64
		Debug|x64 = Debug|x64
		Debug|x86 = Debug|x86
		Release|Any CPU = Release|Any CPU
		Release|ARM64 = Release|ARM64
		Release|x64 = Release|x64
		Release|x86 = Release|x86
	EndGlobalSection
	GlobalSection(ProjectConfigurationPlatforms) = postSolution
		{1244E671-F108-4334-BA52-8A7517F26ECD}.Debug|Any CPU.ActiveCfg = Debug|Win32
		{1244E671-F108-4334-BA52-8A7517F26ECD}.Debug|ARM64.ActiveCfg = Debug|ARM64
		{1244E671-F108-4334-BA52-8A7517F26ECD}.Debug|ARM64.Build.0 = Debug|ARM64
		{1244E671-F108-4334-BA52-8A7517F26ECD}.Debug|x64.ActiveCfg = Debug|x64
		{1244E671-F108-4334-BA52-8A7517F26ECD}.Debug|x64.Build.0 = Debug|x64
		{1244E671-F108-4334-BA52-8A7517F26ECD}.Debug|x86.ActiveCfg = Debug|Win32
		{1244E671-F108-4334-BA52-8A7517F26ECD}.Debug|x86.Build.0 = Debug|Win32
		{1244E671-F108-4334-BA52-8A7517F26ECD}.Release|Any CPU.ActiveCfg = Release|Win32
		{1244E671-F108-4334-BA52-8A7517F26ECD}.Release|ARM64.ActiveCfg = Release|ARM64
		{1244E671-F108-4334-BA52-8A7517F26ECD}.Release|ARM64.Build.0 = Release|ARM64
		{1244E671-F108-4334-BA52-8A7517F26ECD}.Release|x64.ActiveCfg = Release|x64
		{1244E671-F108-4334-BA52-8A7517F26ECD}.Release|x64.Build.0 = Release|x64
		{1244E671-F108-4334-BA52-8A7517F26ECD}.Release|x86.ActiveCfg = Release|Win32
		{1244E671-F108-4334-BA52-8A7517F26ECD}.Release|x86.Build.0 = Release|Win32
		{AB7EE608-E5FB-42A5-831F-0DEEEA141223}.Debug|Any CPU.ActiveCfg = Debug|Win32
		{AB7EE608-E5FB-42A5-831F-0DEEEA141223}.Debug|ARM64.ActiveCfg = Debug|Win32
		{AB7EE608-E5FB-42A5-831F-0DEEEA141223}.Debug|x64.ActiveCfg = Debug|Win32
		{AB7EE608-E5FB-42A5-831F-0DEEEA141223}.Debug|x86.ActiveCfg = Debug|Win32
		{AB7EE608-E5FB-42A5-831F-0DEEEA141223}.Debug|x86.Build.0 = Debug|Win32
		{AB7EE608-E5FB-42A5-831F-0DEEEA141223}.Release|Any CPU.ActiveCfg = Release|Win32
		{AB7EE608-E5FB-42A5-831F-0DEEEA141223}.Release|ARM64.ActiveCfg = Release|Win32
		{AB7EE608-E5FB-42A5-831F-0DEEEA141223}.Release|x64.ActiveCfg = Release|Win32
		{AB7EE608-E5FB-42A5-831F-0DEEEA141223}.Release|x86.ActiveCfg = Release|Win32
		{AB7EE608-E5FB-42A5-831F-0DEEEA141223}.Release|x86.Build.0 = Release|Win32
		{5B3714B6-3A76-463E-8595-D48DA276C512}.Debug|Any CPU.ActiveCfg = Debug|Win32
		{5B3714B6-3A76-463E-8595-D48DA276C512}.Debug|ARM64.ActiveCfg = Debug|ARM64
		{5B3714B6-3A76-463E-8595-D48DA276C512}.Debug|ARM64.Build.0 = Debug|ARM64
		{5B3714B6-3A76-463E-8595-D48DA276C512}.Debug|x64.ActiveCfg = Debug|x64
		{5B3714B6-3A76-463E-8595-D48DA276C512}.Debug|x64.Build.0 = Debug|x64
		{5B3714B6-3A76-463E-8595-D48DA276C512}.Debug|x86.ActiveCfg = Debug|Win32
		{5B3714B6-3A76-463E-8595-D48DA276C512}.Debug|x86.Build.0 = Debug|Win32
		{5B3714B6-3A76-463E-8595-D48DA276C512}.Release|Any CPU.ActiveCfg = Release|Win32
		{5B3714B6-3A76-463E-8595-D48DA276C512}.Release|ARM64.ActiveCfg = Release|ARM64
		{5B3714B6-3A76-463E-8595-D48DA276C512}.Release|ARM64.Build.0 = Release|ARM64
		{5B3714B6-3A76-463E-8595-D48DA276C512}.Release|x64.ActiveCfg = Release|x64
		{5B3714B6-3A76-463E-8595-D48DA276C512}.Release|x64.Build.0 = Release|x64
		{5B3714B6-3A76-463E-8595-D48DA276C512}.Release|x86.ActiveCfg = Release|Win32
		{5B3714B6-3A76-463E-8595-D48DA276C512}.Release|x86.Build.0 = Release|Win32
	EndGlobalSection
	GlobalSection(SolutionProperties) = preSolution
		HideSolutionNode = FALSE
	EndGlobalSection
	GlobalSection(ExtensibilityGlobals) = postSolution
		SolutionGuid = {5A365A50-2958-4E1C-AD69-7B90F09598BC}
	EndGlobalSection
EndGlobal
