
Microsoft Visual Studio Solution File, Format Version 12.00
# Visual Studio Version 16
VisualStudioVersion = 16.6.30114.105
MinimumVisualStudioVersion = 10.0.40219.1
Project("{9A19103F-16F7-4668-BE54-9A1E7A4F7556}") = "WixToolset.Data", "wix\WixToolset.Data\WixToolset.Data.csproj", "{6B7C6F7F-4E0F-47D4-8E1E-A3A2E7C7AC60}"
EndProject
Project("{9A19103F-16F7-4668-BE54-9A1E7A4F7556}") = "WixToolset.Extensibility", "wix\WixToolset.Extensibility\WixToolset.Extensibility.csproj", "{0B5A9161-EDBB-4B60-AE97-24199BCF36A4}"
EndProject
Project("{9A19103F-16F7-4668-BE54-9A1E7A4F7556}") = "WixToolsetTest.Data", "wix\test\WixToolsetTest.Data\WixToolsetTest.Data.csproj", "{D6A57B9F-CF8C-442B-A9CE-F05258AB0046}"
EndProject
Project("{2150E333-8FDC-42A3-9474-1A3956D46DE8}") = "wix", "wix", "{A2DB791A-F5A8-44F9-9225-2C8BE1936356}"
EndProject
Project("{2150E333-8FDC-42A3-9474-1A3956D46DE8}") = "burn", "burn", "{E5E93B46-D1AD-4F00-B3C2-F459DC670302}"
EndProject
Project("{8BC9CEB8-8B4A-11D0-8D11-00A0C91BC942}") = "balutil", "burn\balutil\balutil.vcxproj", "{EDCB8095-0E6A-43E0-BC33-C4F762FC5CDB}"
EndProject
Project("{8BC9CEB8-8B4A-11D0-8D11-00A0C91BC942}") = "bextutil", "burn\bextutil\bextutil.vcxproj", "{06027492-1CB9-48BC-B31E-C1F9356ED07E}"
EndProject
Project("{8BC9CEB8-8B4A-11D0-8D11-00A0C91BC942}") = "mbanative", "burn\mbanative\mbanative.vcxproj", "{665E0441-17F9-4105-B202-EDF274657F6E}"
EndProject
Project("{8BC9CEB8-8B4A-11D0-8D11-00A0C91BC942}") = "BalUtilUnitTest", "burn\test\BalUtilUnitTest\BalUtilUnitTest.vcxproj", "{9B507AF9-035E-4DB6-8C0C-5DCC3FEF2631}"
EndProject
Project("{8BC9CEB8-8B4A-11D0-8D11-00A0C91BC942}") = "BextUtilUnitTest", "burn\test\BextUtilUnitTest\BextUtilUnitTest.vcxproj", "{B69E6422-49B0-4E28-92F9-B8A7410A6ED9}"
EndProject
Project("{9A19103F-16F7-4668-BE54-9A1E7A4F7556}") = "WixToolsetTest.Mba.Core", "burn\test\WixToolsetTest.Mba.Core\WixToolsetTest.Mba.Core.csproj", "{17DA3E92-40C5-4328-9BA5-1FE459A13719}"
EndProject
Project("{9A19103F-16F7-4668-BE54-9A1E7A4F7556}") = "WixToolset.Mba.Core", "burn\WixToolset.Mba.Core\WixToolset.Mba.Core.csproj", "{47029283-43EC-4F22-9417-A02B28594912}"
EndProject
Global
	GlobalSection(SolutionConfigurationPlatforms) = preSolution
		Debug|Any CPU = Debug|Any CPU
		Debug|ARM64 = Debug|ARM64
		Debug|x64 = Debug|x64
		Debug|x86 = Debug|x86
		Release|Any CPU = Release|Any CPU
		Release|ARM64 = Release|ARM64
		Release|x64 = Release|x64
		Release|x86 = Release|x86
	EndGlobalSection
	GlobalSection(ProjectConfigurationPlatforms) = postSolution
		{6B7C6F7F-4E0F-47D4-8E1E-A3A2E7C7AC60}.Debug|Any CPU.ActiveCfg = Debug|Any CPU
		{6B7C6F7F-4E0F-47D4-8E1E-A3A2E7C7AC60}.Debug|Any CPU.Build.0 = Debug|Any CPU
		{6B7C6F7F-4E0F-47D4-8E1E-A3A2E7C7AC60}.Debug|ARM64.ActiveCfg = Debug|Any CPU
		{6B7C6F7F-4E0F-47D4-8E1E-A3A2E7C7AC60}.Debug|ARM64.Build.0 = Debug|Any CPU
		{6B7C6F7F-4E0F-47D4-8E1E-A3A2E7C7AC60}.Debug|x64.ActiveCfg = Debug|Any CPU
		{6B7C6F7F-4E0F-47D4-8E1E-A3A2E7C7AC60}.Debug|x64.Build.0 = Debug|Any CPU
		{6B7C6F7F-4E0F-47D4-8E1E-A3A2E7C7AC60}.Debug|x86.ActiveCfg = Debug|Any CPU
		{6B7C6F7F-4E0F-47D4-8E1E-A3A2E7C7AC60}.Debug|x86.Build.0 = Debug|Any CPU
		{6B7C6F7F-4E0F-47D4-8E1E-A3A2E7C7AC60}.Release|Any CPU.ActiveCfg = Release|Any CPU
		{6B7C6F7F-4E0F-47D4-8E1E-A3A2E7C7AC60}.Release|Any CPU.Build.0 = Release|Any CPU
		{6B7C6F7F-4E0F-47D4-8E1E-A3A2E7C7AC60}.Release|ARM64.ActiveCfg = Release|Any CPU
		{6B7C6F7F-4E0F-47D4-8E1E-A3A2E7C7AC60}.Release|ARM64.Build.0 = Release|Any CPU
		{6B7C6F7F-4E0F-47D4-8E1E-A3A2E7C7AC60}.Release|x64.ActiveCfg = Release|Any CPU
		{6B7C6F7F-4E0F-47D4-8E1E-A3A2E7C7AC60}.Release|x64.Build.0 = Release|Any CPU
		{6B7C6F7F-4E0F-47D4-8E1E-A3A2E7C7AC60}.Release|x86.ActiveCfg = Release|Any CPU
		{6B7C6F7F-4E0F-47D4-8E1E-A3A2E7C7AC60}.Release|x86.Build.0 = Release|Any CPU
		{0B5A9161-EDBB-4B60-AE97-24199BCF36A4}.Debug|Any CPU.ActiveCfg = Debug|Any CPU
		{0B5A9161-EDBB-4B60-AE97-24199BCF36A4}.Debug|Any CPU.Build.0 = Debug|Any CPU
		{0B5A9161-EDBB-4B60-AE97-24199BCF36A4}.Debug|ARM64.ActiveCfg = Debug|Any CPU
		{0B5A9161-EDBB-4B60-AE97-24199BCF36A4}.Debug|ARM64.Build.0 = Debug|Any CPU
		{0B5A9161-EDBB-4B60-AE97-24199BCF36A4}.Debug|x64.ActiveCfg = Debug|Any CPU
		{0B5A9161-EDBB-4B60-AE97-24199BCF36A4}.Debug|x64.Build.0 = Debug|Any CPU
		{0B5A9161-EDBB-4B60-AE97-24199BCF36A4}.Debug|x86.ActiveCfg = Debug|Any CPU
		{0B5A9161-EDBB-4B60-AE97-24199BCF36A4}.Debug|x86.Build.0 = Debug|Any CPU
		{0B5A9161-EDBB-4B60-AE97-24199BCF36A4}.Release|Any CPU.ActiveCfg = Release|Any CPU
		{0B5A9161-EDBB-4B60-AE97-24199BCF36A4}.Release|Any CPU.Build.0 = Release|Any CPU
		{0B5A9161-EDBB-4B60-AE97-24199BCF36A4}.Release|ARM64.ActiveCfg = Release|Any CPU
		{0B5A9161-EDBB-4B60-AE97-24199BCF36A4}.Release|ARM64.Build.0 = Release|Any CPU
		{0B5A9161-EDBB-4B60-AE97-24199BCF36A4}.Release|x64.ActiveCfg = Release|Any CPU
		{0B5A9161-EDBB-4B60-AE97-24199BCF36A4}.Release|x64.Build.0 = Release|Any CPU
		{0B5A9161-EDBB-4B60-AE97-24199BCF36A4}.Release|x86.ActiveCfg = Release|Any CPU
		{0B5A9161-EDBB-4B60-AE97-24199BCF36A4}.Release|x86.Build.0 = Release|Any CPU
		{D6A57B9F-CF8C-442B-A9CE-F05258AB0046}.Debug|Any CPU.ActiveCfg = Debug|Any CPU
		{D6A57B9F-CF8C-442B-A9CE-F05258AB0046}.Debug|Any CPU.Build.0 = Debug|Any CPU
		{D6A57B9F-CF8C-442B-A9CE-F05258AB0046}.Debug|ARM64.ActiveCfg = Debug|Any CPU
		{D6A57B9F-CF8C-442B-A9CE-F05258AB0046}.Debug|ARM64.Build.0 = Debug|Any CPU
		{D6A57B9F-CF8C-442B-A9CE-F05258AB0046}.Debug|x64.ActiveCfg = Debug|Any CPU
		{D6A57B9F-CF8C-442B-A9CE-F05258AB0046}.Debug|x64.Build.0 = Debug|Any CPU
		{D6A57B9F-CF8C-442B-A9CE-F05258AB0046}.Debug|x86.ActiveCfg = Debug|Any CPU
		{D6A57B9F-CF8C-442B-A9CE-F05258AB0046}.Debug|x86.Build.0 = Debug|Any CPU
		{D6A57B9F-CF8C-442B-A9CE-F05258AB0046}.Release|Any CPU.ActiveCfg = Release|Any CPU
		{D6A57B9F-CF8C-442B-A9CE-F05258AB0046}.Release|Any CPU.Build.0 = Release|Any CPU
		{D6A57B9F-CF8C-442B-A9CE-F05258AB0046}.Release|ARM64.ActiveCfg = Release|Any CPU
		{D6A57B9F-CF8C-442B-A9CE-F05258AB0046}.Release|ARM64.Build.0 = Release|Any CPU
		{D6A57B9F-CF8C-442B-A9CE-F05258AB0046}.Release|x64.ActiveCfg = Release|Any CPU
		{D6A57B9F-CF8C-442B-A9CE-F05258AB0046}.Release|x64.Build.0 = Release|Any CPU
		{D6A57B9F-CF8C-442B-A9CE-F05258AB0046}.Release|x86.ActiveCfg = Release|Any CPU
		{D6A57B9F-CF8C-442B-A9CE-F05258AB0046}.Release|x86.Build.0 = Release|Any CPU
		{EDCB8095-0E6A-43E0-BC33-C4F762FC5CDB}.Debug|Any CPU.ActiveCfg = Debug|Win32
		{EDCB8095-0E6A-43E0-BC33-C4F762FC5CDB}.Debug|Any CPU.Build.0 = Debug|Win32
		{EDCB8095-0E6A-43E0-BC33-C4F762FC5CDB}.Debug|ARM64.ActiveCfg = Debug|ARM64
		{EDCB8095-0E6A-43E0-BC33-C4F762FC5CDB}.Debug|ARM64.Build.0 = Debug|ARM64
		{EDCB8095-0E6A-43E0-BC33-C4F762FC5CDB}.Debug|x64.ActiveCfg = Debug|x64
		{EDCB8095-0E6A-43E0-BC33-C4F762FC5CDB}.Debug|x64.Build.0 = Debug|x64
		{EDCB8095-0E6A-43E0-BC33-C4F762FC5CDB}.Debug|x86.ActiveCfg = Debug|Win32
		{EDCB8095-0E6A-43E0-BC33-C4F762FC5CDB}.Debug|x86.Build.0 = Debug|Win32
		{EDCB8095-0E6A-43E0-BC33-C4F762FC5CDB}.Release|Any CPU.ActiveCfg = Release|Win32
		{EDCB8095-0E6A-43E0-BC33-C4F762FC5CDB}.Release|ARM64.ActiveCfg = Release|ARM64
		{EDCB8095-0E6A-43E0-BC33-C4F762FC5CDB}.Release|ARM64.Build.0 = Release|ARM64
		{EDCB8095-0E6A-43E0-BC33-C4F762FC5CDB}.Release|x64.ActiveCfg = Release|x64
		{EDCB8095-0E6A-43E0-BC33-C4F762FC5CDB}.Release|x64.Build.0 = Release|x64
		{EDCB8095-0E6A-43E0-BC33-C4F762FC5CDB}.Release|x86.ActiveCfg = Release|Win32
		{EDCB8095-0E6A-43E0-BC33-C4F762FC5CDB}.Release|x86.Build.0 = Release|Win32
		{06027492-1CB9-48BC-B31E-C1F9356ED07E}.Debug|Any CPU.ActiveCfg = Debug|Win32
		{06027492-1CB9-48BC-B31E-C1F9356ED07E}.Debug|Any CPU.Build.0 = Debug|Win32
		{06027492-1CB9-48BC-B31E-C1F9356ED07E}.Debug|ARM64.ActiveCfg = Debug|ARM64
		{06027492-1CB9-48BC-B31E-C1F9356ED07E}.Debug|ARM64.Build.0 = Debug|ARM64
		{06027492-1CB9-48BC-B31E-C1F9356ED07E}.Debug|x64.ActiveCfg = Debug|x64
		{06027492-1CB9-48BC-B31E-C1F9356ED07E}.Debug|x64.Build.0 = Debug|x64
		{06027492-1CB9-48BC-B31E-C1F9356ED07E}.Debug|x86.ActiveCfg = Debug|Win32
		{06027492-1CB9-48BC-B31E-C1F9356ED07E}.Debug|x86.Build.0 = Debug|Win32
		{06027492-1CB9-48BC-B31E-C1F9356ED07E}.Release|Any CPU.ActiveCfg = Release|Win32
		{06027492-1CB9-48BC-B31E-C1F9356ED07E}.Release|ARM64.ActiveCfg = Release|ARM64
		{06027492-1CB9-48BC-B31E-C1F9356ED07E}.Release|ARM64.Build.0 = Release|ARM64
		{06027492-1CB9-48BC-B31E-C1F9356ED07E}.Release|x64.ActiveCfg = Release|x64
		{06027492-1CB9-48BC-B31E-C1F9356ED07E}.Release|x64.Build.0 = Release|x64
		{06027492-1CB9-48BC-B31E-C1F9356ED07E}.Release|x86.ActiveCfg = Release|Win32
		{06027492-1CB9-48BC-B31E-C1F9356ED07E}.Release|x86.Build.0 = Release|Win32
		{665E0441-17F9-4105-B202-EDF274657F6E}.Debug|Any CPU.ActiveCfg = Debug|Win32
		{665E0441-17F9-4105-B202-EDF274657F6E}.Debug|Any CPU.Build.0 = Debug|Win32
		{665E0441-17F9-4105-B202-EDF274657F6E}.Debug|ARM64.ActiveCfg = Debug|ARM64
		{665E0441-17F9-4105-B202-EDF274657F6E}.Debug|ARM64.Build.0 = Debug|ARM64
		{665E0441-17F9-4105-B202-EDF274657F6E}.Debug|x64.ActiveCfg = Debug|x64
		{665E0441-17F9-4105-B202-EDF274657F6E}.Debug|x64.Build.0 = Debug|x64
		{665E0441-17F9-4105-B202-EDF274657F6E}.Debug|x86.ActiveCfg = Debug|Win32
		{665E0441-17F9-4105-B202-EDF274657F6E}.Debug|x86.Build.0 = Debug|Win32
		{665E0441-17F9-4105-B202-EDF274657F6E}.Release|Any CPU.ActiveCfg = Release|Win32
		{665E0441-17F9-4105-B202-EDF274657F6E}.Release|ARM64.ActiveCfg = Release|ARM64
		{665E0441-17F9-4105-B202-EDF274657F6E}.Release|ARM64.Build.0 = Release|ARM64
		{665E0441-17F9-4105-B202-EDF274657F6E}.Release|x64.ActiveCfg = Release|x64
		{665E0441-17F9-4105-B202-EDF274657F6E}.Release|x64.Build.0 = Release|x64
		{665E0441-17F9-4105-B202-EDF274657F6E}.Release|x86.ActiveCfg = Release|Win32
		{665E0441-17F9-4105-B202-EDF274657F6E}.Release|x86.Build.0 = Release|Win32
		{9B507AF9-035E-4DB6-8C0C-5DCC3FEF2631}.Debug|Any CPU.ActiveCfg = Debug|Win32
		{9B507AF9-035E-4DB6-8C0C-5DCC3FEF2631}.Debug|Any CPU.Build.0 = Debug|Win32
		{9B507AF9-035E-4DB6-8C0C-5DCC3FEF2631}.Debug|ARM64.ActiveCfg = Debug|Win32
		{9B507AF9-035E-4DB6-8C0C-5DCC3FEF2631}.Debug|x64.ActiveCfg = Debug|Win32
		{9B507AF9-035E-4DB6-8C0C-5DCC3FEF2631}.Debug|x86.ActiveCfg = Debug|Win32
		{9B507AF9-035E-4DB6-8C0C-5DCC3FEF2631}.Debug|x86.Build.0 = Debug|Win32
		{9B507AF9-035E-4DB6-8C0C-5DCC3FEF2631}.Release|Any CPU.ActiveCfg = Release|Win32
		{9B507AF9-035E-4DB6-8C0C-5DCC3FEF2631}.Release|ARM64.ActiveCfg = Release|Win32
		{9B507AF9-035E-4DB6-8C0C-5DCC3FEF2631}.Release|x64.ActiveCfg = Release|Win32
		{9B507AF9-035E-4DB6-8C0C-5DCC3FEF2631}.Release|x86.ActiveCfg = Release|Win32
		{9B507AF9-035E-4DB6-8C0C-5DCC3FEF2631}.Release|x86.Build.0 = Release|Win32
		{B69E6422-49B0-4E28-92F9-B8A7410A6ED9}.Debug|Any CPU.ActiveCfg = Debug|Win32
		{B69E6422-49B0-4E28-92F9-B8A7410A6ED9}.Debug|Any CPU.Build.0 = Debug|Win32
		{B69E6422-49B0-4E28-92F9-B8A7410A6ED9}.Debug|ARM64.ActiveCfg = Debug|Win32
		{B69E6422-49B0-4E28-92F9-B8A7410A6ED9}.Debug|x64.ActiveCfg = Debug|Win32
		{B69E6422-49B0-4E28-92F9-B8A7410A6ED9}.Debug|x86.ActiveCfg = Debug|Win32
		{B69E6422-49B0-4E28-92F9-B8A7410A6ED9}.Debug|x86.Build.0 = Debug|Win32
		{B69E6422-49B0-4E28-92F9-B8A7410A6ED9}.Release|Any CPU.ActiveCfg = Release|Win32
		{B69E6422-49B0-4E28-92F9-B8A7410A6ED9}.Release|ARM64.ActiveCfg = Release|Win32
		{B69E6422-49B0-4E28-92F9-B8A7410A6ED9}.Release|x64.ActiveCfg = Release|Win32
		{B69E6422-49B0-4E28-92F9-B8A7410A6ED9}.Release|x86.ActiveCfg = Release|Win32
		{B69E6422-49B0-4E28-92F9-B8A7410A6ED9}.Release|x86.Build.0 = Release|Win32
		{17DA3E92-40C5-4328-9BA5-1FE459A13719}.Debug|Any CPU.ActiveCfg = Debug|Any CPU
		{17DA3E92-40C5-4328-9BA5-1FE459A13719}.Debug|Any CPU.Build.0 = Debug|Any CPU
		{17DA3E92-40C5-4328-9BA5-1FE459A13719}.Debug|ARM64.ActiveCfg = Debug|Any CPU
		{17DA3E92-40C5-4328-9BA5-1FE459A13719}.Debug|ARM64.Build.0 = Debug|Any CPU
		{17DA3E92-40C5-4328-9BA5-1FE459A13719}.Debug|x64.ActiveCfg = Debug|Any CPU
		{17DA3E92-40C5-4328-9BA5-1FE459A13719}.Debug|x64.Build.0 = Debug|Any CPU
		{17DA3E92-40C5-4328-9BA5-1FE459A13719}.Debug|x86.ActiveCfg = Debug|Any CPU
		{17DA3E92-40C5-4328-9BA5-1FE459A13719}.Debug|x86.Build.0 = Debug|Any CPU
		{17DA3E92-40C5-4328-9BA5-1FE459A13719}.Release|Any CPU.ActiveCfg = Release|Any CPU
		{17DA3E92-40C5-4328-9BA5-1FE459A13719}.Release|Any CPU.Build.0 = Release|Any CPU
		{17DA3E92-40C5-4328-9BA5-1FE459A13719}.Release|ARM64.ActiveCfg = Release|Any CPU
		{17DA3E92-40C5-4328-9BA5-1FE459A13719}.Release|ARM64.Build.0 = Release|Any CPU
		{17DA3E92-40C5-4328-9BA5-1FE459A13719}.Release|x64.ActiveCfg = Release|Any CPU
		{17DA3E92-40C5-4328-9BA5-1FE459A13719}.Release|x64.Build.0 = Release|Any CPU
		{17DA3E92-40C5-4328-9BA5-1FE459A13719}.Release|x86.ActiveCfg = Release|Any CPU
		{17DA3E92-40C5-4328-9BA5-1FE459A13719}.Release|x86.Build.0 = Release|Any CPU
		{47029283-43EC-4F22-9417-A02B28594912}.Debug|Any CPU.ActiveCfg = Debug|Any CPU
		{47029283-43EC-4F22-9417-A02B28594912}.Debug|Any CPU.Build.0 = Debug|Any CPU
		{47029283-43EC-4F22-9417-A02B28594912}.Debug|ARM64.ActiveCfg = Debug|Any CPU
		{47029283-43EC-4F22-9417-A02B28594912}.Debug|ARM64.Build.0 = Debug|Any CPU
		{47029283-43EC-4F22-9417-A02B28594912}.Debug|x64.ActiveCfg = Debug|Any CPU
		{47029283-43EC-4F22-9417-A02B28594912}.Debug|x64.Build.0 = Debug|Any CPU
		{47029283-43EC-4F22-9417-A02B28594912}.Debug|x86.ActiveCfg = Debug|Any CPU
		{47029283-43EC-4F22-9417-A02B28594912}.Debug|x86.Build.0 = Debug|Any CPU
		{47029283-43EC-4F22-9417-A02B28594912}.Release|Any CPU.ActiveCfg = Release|Any CPU
		{47029283-43EC-4F22-9417-A02B28594912}.Release|Any CPU.Build.0 = Release|Any CPU
		{47029283-43EC-4F22-9417-A02B28594912}.Release|ARM64.ActiveCfg = Release|Any CPU
		{47029283-43EC-4F22-9417-A02B28594912}.Release|ARM64.Build.0 = Release|Any CPU
		{47029283-43EC-4F22-9417-A02B28594912}.Release|x64.ActiveCfg = Release|Any CPU
		{47029283-43EC-4F22-9417-A02B28594912}.Release|x64.Build.0 = Release|Any CPU
		{47029283-43EC-4F22-9417-A02B28594912}.Release|x86.ActiveCfg = Release|Any CPU
		{47029283-43EC-4F22-9417-A02B28594912}.Release|x86.Build.0 = Release|Any CPU
	EndGlobalSection
	GlobalSection(SolutionProperties) = preSolution
		HideSolutionNode = FALSE
	EndGlobalSection
	GlobalSection(NestedProjects) = preSolution
		{6B7C6F7F-4E0F-47D4-8E1E-A3A2E7C7AC60} = {A2DB791A-F5A8-44F9-9225-2C8BE1936356}
		{0B5A9161-EDBB-4B60-AE97-24199BCF36A4} = {A2DB791A-F5A8-44F9-9225-2C8BE1936356}
		{D6A57B9F-CF8C-442B-A9CE-F05258AB0046} = {A2DB791A-F5A8-44F9-9225-2C8BE1936356}
		{EDCB8095-0E6A-43E0-BC33-C4F762FC5CDB} = {E5E93B46-D1AD-4F00-B3C2-F459DC670302}
		{06027492-1CB9-48BC-B31E-C1F9356ED07E} = {E5E93B46-D1AD-4F00-B3C2-F459DC670302}
		{665E0441-17F9-4105-B202-EDF274657F6E} = {E5E93B46-D1AD-4F00-B3C2-F459DC670302}
		{9B507AF9-035E-4DB6-8C0C-5DCC3FEF2631} = {E5E93B46-D1AD-4F00-B3C2-F459DC670302}
		{B69E6422-49B0-4E28-92F9-B8A7410A6ED9} = {E5E93B46-D1AD-4F00-B3C2-F459DC670302}
		{17DA3E92-40C5-4328-9BA5-1FE459A13719} = {E5E93B46-D1AD-4F00-B3C2-F459DC670302}
		{47029283-43EC-4F22-9417-A02B28594912} = {E5E93B46-D1AD-4F00-B3C2-F459DC670302}
	EndGlobalSection
	GlobalSection(ExtensibilityGlobals) = postSolution
		SolutionGuid = {43BCDC9F-5870-4B64-8363-FF28585020ED}
	EndGlobalSection
EndGlobal
