Microsoft Visual Studio Solution File, Format Version 12.00
# Visual Studio 15
VisualStudioVersion = 15.0.27130.2003
MinimumVisualStudioVersion = 15.0.26124.0
Project("{9A19103F-16F7-4668-BE54-9A1E7A4F7556}") = "WixBuildTools.XsdGen", "src\WixBuildTools.XsdGen\WixBuildTools.XsdGen.csproj", "{E89E52C9-A4A1-4174-A1B1-3B72975E6ED6}"
EndProject
Project("{9A19103F-16F7-4668-BE54-9A1E7A4F7556}") = "WixBuildTools.MsgGen", "src\WixBuildTools.MsgGen\WixBuildTools.MsgGen.csproj", "{DB6EF6F3-51B1-4214-9A14-D501C23F6FA4}"
EndProject
Project("{9A19103F-16F7-4668-BE54-9A1E7A4F7556}") = "WixBuildTools.TestSupport", "src\WixBuildTools.TestSupport\WixBuildTools.TestSupport.csproj", "{6C57EF2C-979A-4106-A9E5-FE342810619A}"
EndProject
Project("{8BC9CEB8-8B4A-11D0-8D11-00A0C91BC942}") = "WixBuildTools.TestSupport.Native", "src\WixBuildTools.TestSupport.Native\WixBuildTools.TestSupport.Native.vcxproj", "{95BABD97-FBDB-453A-AF8A-FA031A07B599}"
EndProject
Project("{2150E333-8FDC-42A3-9474-1A3956D46DE8}") = "Solution Items", "Solution Items", "{F6660B22-092F-4BC5-A303-E6F696C31E1B}"
	ProjectSection(SolutionItems) = preProject
		.editorconfig = .editorconfig
	EndProjectSection
EndProject
Global
	GlobalSection(SolutionConfigurationPlatforms) = preSolution
		Debug|Any CPU = Debug|Any CPU
		Debug|x64 = Debug|x64
		Debug|x86 = Debug|x86
		Release|Any CPU = Release|Any CPU
		Release|x64 = Release|x64
		Release|x86 = Release|x86
	EndGlobalSection
	GlobalSection(ProjectConfigurationPlatforms) = postSolution
		{E89E52C9-A4A1-4174-A1B1-3B72975E6ED6}.Debug|Any CPU.ActiveCfg = Debug|Any CPU
		{E89E52C9-A4A1-4174-A1B1-3B72975E6ED6}.Debug|Any CPU.Build.0 = Debug|Any CPU
		{E89E52C9-A4A1-4174-A1B1-3B72975E6ED6}.Debug|x64.ActiveCfg = Debug|Any CPU
		{E89E52C9-A4A1-4174-A1B1-3B72975E6ED6}.Debug|x64.Build.0 = Debug|Any CPU
		{E89E52C9-A4A1-4174-A1B1-3B72975E6ED6}.Debug|x86.ActiveCfg = Debug|Any CPU
		{E89E52C9-A4A1-4174-A1B1-3B72975E6ED6}.Debug|x86.Build.0 = Debug|Any CPU
		{E89E52C9-A4A1-4174-A1B1-3B72975E6ED6}.Release|Any CPU.ActiveCfg = Release|Any CPU
		{E89E52C9-A4A1-4174-A1B1-3B72975E6ED6}.Release|Any CPU.Build.0 = Release|Any CPU
		{E89E52C9-A4A1-4174-A1B1-3B72975E6ED6}.Release|x64.ActiveCfg = Release|Any CPU
		{E89E52C9-A4A1-4174-A1B1-3B72975E6ED6}.Release|x64.Build.0 = Release|Any CPU
		{E89E52C9-A4A1-4174-A1B1-3B72975E6ED6}.Release|x86.ActiveCfg = Release|Any CPU
		{E89E52C9-A4A1-4174-A1B1-3B72975E6ED6}.Release|x86.Build.0 = Release|Any CPU
		{DB6EF6F3-51B1-4214-9A14-D501C23F6FA4}.Debug|Any CPU.ActiveCfg = Debug|Any CPU
		{DB6EF6F3-51B1-4214-9A14-D501C23F6FA4}.Debug|Any CPU.Build.0 = Debug|Any CPU
		{DB6EF6F3-51B1-4214-9A14-D501C23F6FA4}.Debug|x64.ActiveCfg = Debug|Any CPU
		{DB6EF6F3-51B1-4214-9A14-D501C23F6FA4}.Debug|x64.Build.0 = Debug|Any CPU
		{DB6EF6F3-51B1-4214-9A14-D501C23F6FA4}.Debug|x86.ActiveCfg = Debug|Any CPU
		{DB6EF6F3-51B1-4214-9A14-D501C23F6FA4}.Debug|x86.Build.0 = Debug|Any CPU
		{DB6EF6F3-51B1-4214-9A14-D501C23F6FA4}.Release|Any CPU.ActiveCfg = Release|Any CPU
		{DB6EF6F3-51B1-4214-9A14-D501C23F6FA4}.Release|Any CPU.Build.0 = Release|Any CPU
		{DB6EF6F3-51B1-4214-9A14-D501C23F6FA4}.Release|x64.ActiveCfg = Release|Any CPU
		{DB6EF6F3-51B1-4214-9A14-D501C23F6FA4}.Release|x64.Build.0 = Release|Any CPU
		{DB6EF6F3-51B1-4214-9A14-D501C23F6FA4}.Release|x86.ActiveCfg = Release|Any CPU
		{DB6EF6F3-51B1-4214-9A14-D501C23F6FA4}.Release|x86.Build.0 = Release|Any CPU
		{6C57EF2C-979A-4106-A9E5-FE342810619A}.Debug|Any CPU.ActiveCfg = Debug|Any CPU
		{6C57EF2C-979A-4106-A9E5-FE342810619A}.Debug|Any CPU.Build.0 = Debug|Any CPU
		{6C57EF2C-979A-4106-A9E5-FE342810619A}.Debug|x64.ActiveCfg = Debug|Any CPU
		{6C57EF2C-979A-4106-A9E5-FE342810619A}.Debug|x64.Build.0 = Debug|Any CPU
		{6C57EF2C-979A-4106-A9E5-FE342810619A}.Debug|x86.ActiveCfg = Debug|Any CPU
		{6C57EF2C-979A-4106-A9E5-FE342810619A}.Debug|x86.Build.0 = Debug|Any CPU
		{6C57EF2C-979A-4106-A9E5-FE342810619A}.Release|Any CPU.ActiveCfg = Release|Any CPU
		{6C57EF2C-979A-4106-A9E5-FE342810619A}.Release|Any CPU.Build.0 = Release|Any CPU
		{6C57EF2C-979A-4106-A9E5-FE342810619A}.Release|x64.ActiveCfg = Release|Any CPU
		{6C57EF2C-979A-4106-A9E5-FE342810619A}.Release|x64.Build.0 = Release|Any CPU
		{6C57EF2C-979A-4106-A9E5-FE342810619A}.Release|x86.ActiveCfg = Release|Any CPU
		{6C57EF2C-979A-4106-A9E5-FE342810619A}.Release|x86.Build.0 = Release|Any CPU
		{95BABD97-FBDB-453A-AF8A-FA031A07B599}.Debug|Any CPU.ActiveCfg = Debug|Win32
		{95BABD97-FBDB-453A-AF8A-FA031A07B599}.Debug|Any CPU.Build.0 = Debug|Win32
		{95BABD97-FBDB-453A-AF8A-FA031A07B599}.Debug|x64.ActiveCfg = Debug|Win32
		{95BABD97-FBDB-453A-AF8A-FA031A07B599}.Debug|x86.ActiveCfg = Debug|Win32
		{95BABD97-FBDB-453A-AF8A-FA031A07B599}.Debug|x86.Build.0 = Debug|Win32
		{95BABD97-FBDB-453A-AF8A-FA031A07B599}.Release|Any CPU.ActiveCfg = Release|Win32
		{95BABD97-FBDB-453A-AF8A-FA031A07B599}.Release|Any CPU.Build.0 = Release|Win32
		{95BABD97-FBDB-453A-AF8A-FA031A07B599}.Release|x64.ActiveCfg = Release|Win32
		{95BABD97-FBDB-453A-AF8A-FA031A07B599}.Release|x86.ActiveCfg = Release|Win32
		{95BABD97-FBDB-453A-AF8A-FA031A07B599}.Release|x86.Build.0 = Release|Win32
	EndGlobalSection
	GlobalSection(SolutionProperties) = preSolution
		HideSolutionNode = FALSE
	EndGlobalSection
	GlobalSection(ExtensibilityGlobals) = postSolution
		SolutionGuid = {83E9E075-B440-471A-9C37-9D84BA0AE3E0}
	EndGlobalSection
EndGlobal
