
Microsoft Visual Studio Solution File, Format Version 12.00
# Visual Studio Version 16
VisualStudioVersion = 16.0.30204.135
MinimumVisualStudioVersion = 10.0.40219.1
Project("{8BC9CEB8-8B4A-11D0-8D11-00A0C91BC942}") = "httpca", "ca\httpca.vcxproj", "{90743805-C043-47C7-B5FF-8F5EE5C8A2DE}"
EndProject
Project("{930C7802-8A8C-48F9-8165-68863BCCD9DD}") = "http", "wixlib\http.wixproj", "{055C1517-4CED-4199-BCDE-A383E5C4EF78}"
EndProject
Project("{9A19103F-16F7-4668-BE54-9A1E7A4F7556}") = "WixToolset.Http.wixext", "wixext\WixToolset.Http.wixext.csproj", "{AAFC3C7F-D818-4B1D-AF3F-A331EA917F3F}"
EndProject
Project("{9A19103F-16F7-4668-BE54-9A1E7A4F7556}") = "WixToolsetTest.Http", "test\WixToolsetTest.Http\WixToolsetTest.Http.csproj", "{6379EBAA-B5FE-4468-89A3-EF0B5D30B87E}"
EndProject
Global`
	GlobalSection(SolutionConfigurationPlatforms) = preSolution
		Debug|Any CPU = Debug|Any CPU
		Debug|x86 = Debug|x86
		Release|Any CPU = Release|Any CPU
		Release|x86 = Release|x86
	EndGlobalSection
	GlobalSection(ProjectConfigurationPlatforms) = postSolution
		{90743805-C043-47C7-B5FF-8F5EE5C8A2DE}.Debug|Any CPU.ActiveCfg = Debug|Win32
		{90743805-C043-47C7-B5FF-8F5EE5C8A2DE}.Debug|Any CPU.Build.0 = Debug|Win32
		{90743805-C043-47C7-B5FF-8F5EE5C8A2DE}.Debug|x86.ActiveCfg = Debug|Win32
		{90743805-C043-47C7-B5FF-8F5EE5C8A2DE}.Debug|x86.Build.0 = Debug|Win32
		{90743805-C043-47C7-B5FF-8F5EE5C8A2DE}.Release|Any CPU.ActiveCfg = Release|Win32
		{90743805-C043-47C7-B5FF-8F5EE5C8A2DE}.Release|Any CPU.Build.0 = Release|Win32
		{90743805-C043-47C7-B5FF-8F5EE5C8A2DE}.Release|x86.ActiveCfg = Release|Win32
		{90743805-C043-47C7-B5FF-8F5EE5C8A2DE}.Release|x86.Build.0 = Release|Win32
		{055C1517-4CED-4199-BCDE-A383E5C4EF78}.Debug|Any CPU.ActiveCfg = Debug|x86
		{055C1517-4CED-4199-BCDE-A383E5C4EF78}.Debug|Any CPU.Build.0 = Debug|x86
		{055C1517-4CED-4199-BCDE-A383E5C4EF78}.Debug|x86.ActiveCfg = Debug|x86
		{055C1517-4CED-4199-BCDE-A383E5C4EF78}.Debug|x86.Build.0 = Debug|x86
		{055C1517-4CED-4199-BCDE-A383E5C4EF78}.Release|Any CPU.ActiveCfg = Release|x86
		{055C1517-4CED-4199-BCDE-A383E5C4EF78}.Release|Any CPU.Build.0 = Release|x86
		{055C1517-4CED-4199-BCDE-A383E5C4EF78}.Release|x86.ActiveCfg = Release|x86
		{055C1517-4CED-4199-BCDE-A383E5C4EF78}.Release|x86.Build.0 = Release|x86
		{AAFC3C7F-D818-4B1D-AF3F-A331EA917F3F}.Debug|Any CPU.ActiveCfg = Debug|Any CPU
		{AAFC3C7F-D818-4B1D-AF3F-A331EA917F3F}.Debug|Any CPU.Build.0 = Debug|Any CPU
		{AAFC3C7F-D818-4B1D-AF3F-A331EA917F3F}.Debug|x86.ActiveCfg = Debug|Any CPU
		{AAFC3C7F-D818-4B1D-AF3F-A331EA917F3F}.Debug|x86.Build.0 = Debug|Any CPU
		{AAFC3C7F-D818-4B1D-AF3F-A331EA917F3F}.Release|Any CPU.ActiveCfg = Release|Any CPU
		{AAFC3C7F-D818-4B1D-AF3F-A331EA917F3F}.Release|Any CPU.Build.0 = Release|Any CPU
		{AAFC3C7F-D818-4B1D-AF3F-A331EA917F3F}.Release|x86.ActiveCfg = Release|Any CPU
		{AAFC3C7F-D818-4B1D-AF3F-A331EA917F3F}.Release|x86.Build.0 = Release|Any CPU
		{6379EBAA-B5FE-4468-89A3-EF0B5D30B87E}.Debug|Any CPU.ActiveCfg = Debug|Any CPU
		{6379EBAA-B5FE-4468-89A3-EF0B5D30B87E}.Debug|Any CPU.Build.0 = Debug|Any CPU
		{6379EBAA-B5FE-4468-89A3-EF0B5D30B87E}.Debug|x86.ActiveCfg = Debug|Any CPU
		{6379EBAA-B5FE-4468-89A3-EF0B5D30B87E}.Debug|x86.Build.0 = Debug|Any CPU
		{6379EBAA-B5FE-4468-89A3-EF0B5D30B87E}.Release|Any CPU.ActiveCfg = Release|Any CPU
		{6379EBAA-B5FE-4468-89A3-EF0B5D30B87E}.Release|Any CPU.Build.0 = Release|Any CPU
		{6379EBAA-B5FE-4468-89A3-EF0B5D30B87E}.Release|x86.ActiveCfg = Release|Any CPU
		{6379EBAA-B5FE-4468-89A3-EF0B5D30B87E}.Release|x86.Build.0 = Release|Any CPU
	EndGlobalSection
	GlobalSection(SolutionProperties) = preSolution
		HideSolutionNode = FALSE
	EndGlobalSection
	GlobalSection(ExtensibilityGlobals) = postSolution
		SolutionGuid = {570B1B57-B310-4493-A3A3-B40D7374EFC3}
	EndGlobalSection
EndGlobal
