
Microsoft Visual Studio Solution File, Format Version 12.00
# Visual Studio Version 17
VisualStudioVersion = 17.0.31919.166
MinimumVisualStudioVersion = 10.0.40219.1
Project("{9A19103F-16F7-4668-BE54-9A1E7A4F7556}") = "WixTestTools", "..\burn\WixTestTools\WixTestTools.csproj", "{3D3B02F3-79B6-4BD5-AD49-2889DA3849A7}"
EndProject
Project("{9A19103F-16F7-4668-BE54-9A1E7A4F7556}") = "WixToolsetTest.MsiE2E", "WixToolsetTest.MsiE2E\WixToolsetTest.MsiE2E.csproj", "{68E1A5F8-0F44-4B38-8876-C101A2A019F2}"
EndProject
Global
	GlobalSection(SolutionConfigurationPlatforms) = preSolution
		Debug|Any CPU = Debug|Any CPU
		Debug|x64 = Debug|x64
		Debug|x86 = Debug|x86
		Release|Any CPU = Release|Any CPU
		Release|x64 = Release|x64
		Release|x86 = Release|x86
	EndGlobalSection
	GlobalSection(ProjectConfigurationPlatforms) = postSolution
		{3D3B02F3-79B6-4BD5-AD49-2889DA3849A7}.Debug|Any CPU.ActiveCfg = Debug|Any CPU
		{3D3B02F3-79B6-4BD5-AD49-2889DA3849A7}.Debug|Any CPU.Build.0 = Debug|Any CPU
		{3D3B02F3-79B6-4BD5-AD49-2889DA3849A7}.Debug|x64.ActiveCfg = Debug|Any CPU
		{3D3B02F3-79B6-4BD5-AD49-2889DA3849A7}.Debug|x64.Build.0 = Debug|Any CPU
		{3D3B02F3-79B6-4BD5-AD49-2889DA3849A7}.Debug|x86.ActiveCfg = Debug|Any CPU
		{3D3B02F3-79B6-4BD5-AD49-2889DA3849A7}.Debug|x86.Build.0 = Debug|Any CPU
		{3D3B02F3-79B6-4BD5-AD49-2889DA3849A7}.Release|Any CPU.ActiveCfg = Release|Any CPU
		{3D3B02F3-79B6-4BD5-AD49-2889DA3849A7}.Release|Any CPU.Build.0 = Release|Any CPU
		{3D3B02F3-79B6-4BD5-AD49-2889DA3849A7}.Release|x64.ActiveCfg = Release|Any CPU
		{3D3B02F3-79B6-4BD5-AD49-2889DA3849A7}.Release|x64.Build.0 = Release|Any CPU
		{3D3B02F3-79B6-4BD5-AD49-2889DA3849A7}.Release|x86.ActiveCfg = Release|Any CPU
		{3D3B02F3-79B6-4BD5-AD49-2889DA3849A7}.Release|x86.Build.0 = Release|Any CPU
		{68E1A5F8-0F44-4B38-8876-C101A2A019F2}.Debug|Any CPU.ActiveCfg = Debug|Any CPU
		{68E1A5F8-0F44-4B38-8876-C101A2A019F2}.Debug|Any CPU.Build.0 = Debug|Any CPU
		{68E1A5F8-0F44-4B38-8876-C101A2A019F2}.Debug|x64.ActiveCfg = Debug|Any CPU
		{68E1A5F8-0F44-4B38-8876-C101A2A019F2}.Debug|x64.Build.0 = Debug|Any CPU
		{68E1A5F8-0F44-4B38-8876-C101A2A019F2}.Debug|x86.ActiveCfg = Debug|Any CPU
		{68E1A5F8-0F44-4B38-8876-C101A2A019F2}.Debug|x86.Build.0 = Debug|Any CPU
		{68E1A5F8-0F44-4B38-8876-C101A2A019F2}.Release|Any CPU.ActiveCfg = Release|Any CPU
		{68E1A5F8-0F44-4B38-8876-C101A2A019F2}.Release|Any CPU.Build.0 = Release|Any CPU
		{68E1A5F8-0F44-4B38-8876-C101A2A019F2}.Release|x64.ActiveCfg = Release|Any CPU
		{68E1A5F8-0F44-4B38-8876-C101A2A019F2}.Release|x64.Build.0 = Release|Any CPU
		{68E1A5F8-0F44-4B38-8876-C101A2A019F2}.Release|x86.ActiveCfg = Release|Any CPU
		{68E1A5F8-0F44-4B38-8876-C101A2A019F2}.Release|x86.Build.0 = Release|Any CPU
	EndGlobalSection
	GlobalSection(SolutionProperties) = preSolution
		HideSolutionNode = FALSE
	EndGlobalSection
	GlobalSection(ExtensibilityGlobals) = postSolution
		SolutionGuid = {4C9978E3-8548-451E-8BF5-03AD1D0280C2}
	EndGlobalSection
EndGlobal
