
Microsoft Visual Studio Solution File, Format Version 12.00
# Visual Studio Version 16
VisualStudioVersion = 16.0.30204.135
MinimumVisualStudioVersion = 10.0.40219.1
Project("{8BC9CEB8-8B4A-11D0-8D11-00A0C91BC942}") = "dependencyca", "src\ca\dependencyca.vcxproj", "{B86AF46C-0F90-49CC-923F-A800B088D015}"
EndProject
Project("{930C7802-8A8C-48F9-8165-68863BCCD9DD}") = "dependency", "src\wixlib\dependency.wixproj", "{58ED0EC8-73F8-4EE1-8664-A53486D38EC8}"
EndProject
Project("{9A19103F-16F7-4668-BE54-9A1E7A4F7556}") = "WixToolset.Dependency.wixext", "src\wixext\WixToolset.Dependency.wixext.csproj", "{A0B6D3F1-AE5E-423B-BA92-60C9926CA498}"
EndProject
Project("{9A19103F-16F7-4668-BE54-9A1E7A4F7556}") = "WixToolsetTest.Dependency", "src\test\WixToolsetTest.Dependency\WixToolsetTest.Dependency.csproj", "{E2AB6AA2-359D-4305-92B0-D90C8F87AF9B}"
EndProject
Global
	GlobalSection(SolutionConfigurationPlatforms) = preSolution
		Debug|Any CPU = Debug|Any CPU
		Debug|x86 = Debug|x86
		Release|Any CPU = Release|Any CPU
		Release|x86 = Release|x86
	EndGlobalSection
	GlobalSection(ProjectConfigurationPlatforms) = postSolution
		{B86AF46C-0F90-49CC-923F-A800B088D015}.Debug|Any CPU.ActiveCfg = Debug|Win32
		{B86AF46C-0F90-49CC-923F-A800B088D015}.Debug|Any CPU.Build.0 = Debug|Win32
		{B86AF46C-0F90-49CC-923F-A800B088D015}.Debug|x86.ActiveCfg = Debug|Win32
		{B86AF46C-0F90-49CC-923F-A800B088D015}.Debug|x86.Build.0 = Debug|Win32
		{B86AF46C-0F90-49CC-923F-A800B088D015}.Release|Any CPU.ActiveCfg = Release|Win32
		{B86AF46C-0F90-49CC-923F-A800B088D015}.Release|Any CPU.Build.0 = Release|Win32
		{B86AF46C-0F90-49CC-923F-A800B088D015}.Release|x86.ActiveCfg = Release|Win32
		{B86AF46C-0F90-49CC-923F-A800B088D015}.Release|x86.Build.0 = Release|Win32
		{58ED0EC8-73F8-4EE1-8664-A53486D38EC8}.Debug|Any CPU.ActiveCfg = Debug|x86
		{58ED0EC8-73F8-4EE1-8664-A53486D38EC8}.Debug|Any CPU.Build.0 = Debug|x86
		{58ED0EC8-73F8-4EE1-8664-A53486D38EC8}.Debug|x86.ActiveCfg = Debug|x86
		{58ED0EC8-73F8-4EE1-8664-A53486D38EC8}.Debug|x86.Build.0 = Debug|x86
		{58ED0EC8-73F8-4EE1-8664-A53486D38EC8}.Release|Any CPU.ActiveCfg = Release|x86
		{58ED0EC8-73F8-4EE1-8664-A53486D38EC8}.Release|Any CPU.Build.0 = Release|x86
		{58ED0EC8-73F8-4EE1-8664-A53486D38EC8}.Release|x86.ActiveCfg = Release|x86
		{58ED0EC8-73F8-4EE1-8664-A53486D38EC8}.Release|x86.Build.0 = Release|x86
		{A0B6D3F1-AE5E-423B-BA92-60C9926CA498}.Debug|Any CPU.ActiveCfg = Debug|Any CPU
		{A0B6D3F1-AE5E-423B-BA92-60C9926CA498}.Debug|Any CPU.Build.0 = Debug|Any CPU
		{A0B6D3F1-AE5E-423B-BA92-60C9926CA498}.Debug|x86.ActiveCfg = Debug|Any CPU
		{A0B6D3F1-AE5E-423B-BA92-60C9926CA498}.Debug|x86.Build.0 = Debug|Any CPU
		{A0B6D3F1-AE5E-423B-BA92-60C9926CA498}.Release|Any CPU.ActiveCfg = Release|Any CPU
		{A0B6D3F1-AE5E-423B-BA92-60C9926CA498}.Release|Any CPU.Build.0 = Release|Any CPU
		{A0B6D3F1-AE5E-423B-BA92-60C9926CA498}.Release|x86.ActiveCfg = Release|Any CPU
		{A0B6D3F1-AE5E-423B-BA92-60C9926CA498}.Release|x86.Build.0 = Release|Any CPU
		{E2AB6AA2-359D-4305-92B0-D90C8F87AF9B}.Debug|Any CPU.ActiveCfg = Debug|Any CPU
		{E2AB6AA2-359D-4305-92B0-D90C8F87AF9B}.Debug|Any CPU.Build.0 = Debug|Any CPU
		{E2AB6AA2-359D-4305-92B0-D90C8F87AF9B}.Debug|x86.ActiveCfg = Debug|Any CPU
		{E2AB6AA2-359D-4305-92B0-D90C8F87AF9B}.Debug|x86.Build.0 = Debug|Any CPU
		{E2AB6AA2-359D-4305-92B0-D90C8F87AF9B}.Release|Any CPU.ActiveCfg = Release|Any CPU
		{E2AB6AA2-359D-4305-92B0-D90C8F87AF9B}.Release|Any CPU.Build.0 = Release|Any CPU
		{E2AB6AA2-359D-4305-92B0-D90C8F87AF9B}.Release|x86.ActiveCfg = Release|Any CPU
		{E2AB6AA2-359D-4305-92B0-D90C8F87AF9B}.Release|x86.Build.0 = Release|Any CPU
	EndGlobalSection
	GlobalSection(SolutionProperties) = preSolution
		HideSolutionNode = FALSE
	EndGlobalSection
	GlobalSection(ExtensibilityGlobals) = postSolution
		SolutionGuid = {77F012B1-8E94-4F85-9450-066C6BD15000}
	EndGlobalSection
EndGlobal
